
Microsoft Visual Studio Solution File, Format Version 12.00
# Visual Studio 15
VisualStudioVersion = 15.0.28010.2019
MinimumVisualStudioVersion = 10.0.40219.1
Project("{9A19103F-16F7-4668-BE54-9A1E7A4F7556}") = "Scz.Common", "Scz.Common\Scz.Common.csproj", "{5D95AFED-3F9E-4526-8BB5-50B1006A1842}"
EndProject
Project("{9A19103F-16F7-4668-BE54-9A1E7A4F7556}") = "Scz.WebApi", "Scz.WebApi\Scz.WebApi.csproj", "{BE40E79B-0F97-47EE-84CF-FC3D5FC3D35B}"
EndProject
Project("{9A19103F-16F7-4668-BE54-9A1E7A4F7556}") = "Scz.WebApi2", "Scz.WebApi2\Scz.WebApi2.csproj", "{BAF442DD-91EC-4756-B766-224369F6DFD2}"
EndProject
Project("{2150E333-8FDC-42A3-9474-1A3956D46DE8}") = "01 UI", "01 UI", "{D18A3C4D-D5D3-4D61-B82E-AE348237FF53}"
EndProject
Project("{2150E333-8FDC-42A3-9474-1A3956D46DE8}") = "02 Application Service", "02 Application Service", "{B0887A47-1730-4224-9AE7-24598CEBF214}"
EndProject
Project("{2150E333-8FDC-42A3-9474-1A3956D46DE8}") = "03 Domain", "03 Domain", "{175EE48E-EFCC-4F22-85ED-5A2D28EC9916}"
EndProject
Project("{2150E333-8FDC-42A3-9474-1A3956D46DE8}") = "04 Infrastructure", "04 Infrastructure", "{C501D509-F4F2-4F33-A3BD-B5B9C91F14CE}"
EndProject
Project("{9A19103F-16F7-4668-BE54-9A1E7A4F7556}") = "Scz.Web", "Scz.Web\Scz.Web.csproj", "{300F1A29-BCF4-4EE6-9CD3-CCB061B2D51D}"
EndProject
Project("{9A19103F-16F7-4668-BE54-9A1E7A4F7556}") = "Scz.ConsoleApp", "Scz.ConsoleApp\Scz.ConsoleApp.csproj", "{DB24E7A3-0E87-48FB-9381-5BCEFE167748}"
EndProject
Project("{2150E333-8FDC-42A3-9474-1A3956D46DE8}") = "05 设计模式", "05 设计模式", "{241C9D22-973C-4089-B45B-4B6131B6E8EE}"
EndProject
Project("{FAE04EC0-301F-11D3-BF4B-00C04F79EFBC}") = "Scz.DesignPattern.Singleton", "Scz.DesignPattern.Singleton\Scz.DesignPattern.Singleton.csproj", "{ABA7A4FE-45E5-4DA2-87FC-A4248C0ED81A}"
EndProject
Global
	GlobalSection(SolutionConfigurationPlatforms) = preSolution
		Debug|Any CPU = Debug|Any CPU
		Release|Any CPU = Release|Any CPU
	EndGlobalSection
	GlobalSection(ProjectConfigurationPlatforms) = postSolution
		{5D95AFED-3F9E-4526-8BB5-50B1006A1842}.Debug|Any CPU.ActiveCfg = Debug|Any CPU
		{5D95AFED-3F9E-4526-8BB5-50B1006A1842}.Debug|Any CPU.Build.0 = Debug|Any CPU
		{5D95AFED-3F9E-4526-8BB5-50B1006A1842}.Release|Any CPU.ActiveCfg = Release|Any CPU
		{5D95AFED-3F9E-4526-8BB5-50B1006A1842}.Release|Any CPU.Build.0 = Release|Any CPU
		{BE40E79B-0F97-47EE-84CF-FC3D5FC3D35B}.Debug|Any CPU.ActiveCfg = Debug|Any CPU
		{BE40E79B-0F97-47EE-84CF-FC3D5FC3D35B}.Debug|Any CPU.Build.0 = Debug|Any CPU
		{BE40E79B-0F97-47EE-84CF-FC3D5FC3D35B}.Release|Any CPU.ActiveCfg = Release|Any CPU
		{BE40E79B-0F97-47EE-84CF-FC3D5FC3D35B}.Release|Any CPU.Build.0 = Release|Any CPU
		{BAF442DD-91EC-4756-B766-224369F6DFD2}.Debug|Any CPU.ActiveCfg = Debug|Any CPU
		{BAF442DD-91EC-4756-B766-224369F6DFD2}.Debug|Any CPU.Build.0 = Debug|Any CPU
		{BAF442DD-91EC-4756-B766-224369F6DFD2}.Release|Any CPU.ActiveCfg = Release|Any CPU
		{BAF442DD-91EC-4756-B766-224369F6DFD2}.Release|Any CPU.Build.0 = Release|Any CPU
		{300F1A29-BCF4-4EE6-9CD3-CCB061B2D51D}.Debug|Any CPU.ActiveCfg = Debug|Any CPU
		{300F1A29-BCF4-4EE6-9CD3-CCB061B2D51D}.Debug|Any CPU.Build.0 = Debug|Any CPU
		{300F1A29-BCF4-4EE6-9CD3-CCB061B2D51D}.Release|Any CPU.ActiveCfg = Release|Any CPU
		{300F1A29-BCF4-4EE6-9CD3-CCB061B2D51D}.Release|Any CPU.Build.0 = Release|Any CPU
		{DB24E7A3-0E87-48FB-9381-5BCEFE167748}.Debug|Any CPU.ActiveCfg = Debug|Any CPU
		{DB24E7A3-0E87-48FB-9381-5BCEFE167748}.Debug|Any CPU.Build.0 = Debug|Any CPU
		{DB24E7A3-0E87-48FB-9381-5BCEFE167748}.Release|Any CPU.ActiveCfg = Release|Any CPU
		{DB24E7A3-0E87-48FB-9381-5BCEFE167748}.Release|Any CPU.Build.0 = Release|Any CPU
		{ABA7A4FE-45E5-4DA2-87FC-A4248C0ED81A}.Debug|Any CPU.ActiveCfg = Debug|Any CPU
		{ABA7A4FE-45E5-4DA2-87FC-A4248C0ED81A}.Debug|Any CPU.Build.0 = Debug|Any CPU
		{ABA7A4FE-45E5-4DA2-87FC-A4248C0ED81A}.Release|Any CPU.ActiveCfg = Release|Any CPU
		{ABA7A4FE-45E5-4DA2-87FC-A4248C0ED81A}.Release|Any CPU.Build.0 = Release|Any CPU
	EndGlobalSection
	GlobalSection(SolutionProperties) = preSolution
		HideSolutionNode = FALSE
	EndGlobalSection
	GlobalSection(NestedProjects) = preSolution
		{300F1A29-BCF4-4EE6-9CD3-CCB061B2D51D} = {D18A3C4D-D5D3-4D61-B82E-AE348237FF53}
		{ABA7A4FE-45E5-4DA2-87FC-A4248C0ED81A} = {241C9D22-973C-4089-B45B-4B6131B6E8EE}
	EndGlobalSection
	GlobalSection(ExtensibilityGlobals) = postSolution
		SolutionGuid = {2CAE6681-8D32-4B74-8C52-A3BD626D4DD9}
	EndGlobalSection
EndGlobal
