
Microsoft Visual Studio Solution File, Format Version 12.00
# Visual Studio Version 16
VisualStudioVersion = 16.0.29324.140
MinimumVisualStudioVersion = 10.0.40219.1
Project("{9A19103F-16F7-4668-BE54-9A1E7A4F7556}") = "Scz.Common", "Scz.Common\Scz.Common.csproj", "{5D95AFED-3F9E-4526-8BB5-50B1006A1842}"
EndProject
Project("{9A19103F-16F7-4668-BE54-9A1E7A4F7556}") = "Scz.WebApi", "Scz.WebApi\Scz.WebApi.csproj", "{BE40E79B-0F97-47EE-84CF-FC3D5FC3D35B}"
EndProject
Project("{2150E333-8FDC-42A3-9474-1A3956D46DE8}") = "01 UI", "01 UI", "{D18A3C4D-D5D3-4D61-B82E-AE348237FF53}"
EndProject
Project("{2150E333-8FDC-42A3-9474-1A3956D46DE8}") = "02 Application Service", "02 Application Service", "{B0887A47-1730-4224-9AE7-24598CEBF214}"
EndProject
Project("{2150E333-8FDC-42A3-9474-1A3956D46DE8}") = "03 Domain", "03 Domain", "{175EE48E-EFCC-4F22-85ED-5A2D28EC9916}"
EndProject
Project("{2150E333-8FDC-42A3-9474-1A3956D46DE8}") = "04 Infrastructure", "04 Infrastructure", "{C501D509-F4F2-4F33-A3BD-B5B9C91F14CE}"
EndProject
Project("{9A19103F-16F7-4668-BE54-9A1E7A4F7556}") = "Scz.ConsoleApp", "Scz.ConsoleApp\Scz.ConsoleApp.csproj", "{DB24E7A3-0E87-48FB-9381-5BCEFE167748}"
EndProject
Project("{2150E333-8FDC-42A3-9474-1A3956D46DE8}") = "06 测试", "06 测试", "{B772DE5E-FE28-475D-A332-391AF6CF4299}"
EndProject
Project("{9A19103F-16F7-4668-BE54-9A1E7A4F7556}") = "Scz.Test", "Scz.Test\Scz.Test.csproj", "{F2A43A0C-B8F4-4E42-902E-4E36E815CAAD}"
EndProject
Project("{2150E333-8FDC-42A3-9474-1A3956D46DE8}") = "控制台", "控制台", "{118B1A74-7336-4EFC-AB68-A1E091DA8240}"
	ProjectSection(SolutionItems) = preProject
		使用说明.txt = 使用说明.txt
	EndProjectSection
EndProject
Project("{9A19103F-16F7-4668-BE54-9A1E7A4F7556}") = "Scz.Domain", "Scz.Domain\Scz.Domain.csproj", "{D21CF67F-E891-4E14-B1F0-F6BDF64CC3CC}"
EndProject
Project("{9A19103F-16F7-4668-BE54-9A1E7A4F7556}") = "Scz.Application", "Scz.Application\Scz.Application.csproj", "{88A28A1F-EF54-4223-9A76-EA0E25479919}"
EndProject
Project("{9A19103F-16F7-4668-BE54-9A1E7A4F7556}") = "Scz.EntityFrameworkCore", "Scz.EntityFrameworkCore\Scz.EntityFrameworkCore.csproj", "{6EE63522-0FAE-49B7-8769-6C45BC54561A}"
EndProject
Project("{9A19103F-16F7-4668-BE54-9A1E7A4F7556}") = "Scz.MigrationsDemo", "Scz.MigrationsDemo\Scz.MigrationsDemo.csproj", "{7717B0DE-A1D8-4D1B-BADC-7A0FBAE5132D}"
EndProject
Project("{9A19103F-16F7-4668-BE54-9A1E7A4F7556}") = "Scz.RazorWeb", "Scz.RazorWeb\Scz.RazorWeb.csproj", "{6C974DF1-0C8E-4061-8D6F-668A6DF788BD}"
EndProject
Project("{9A19103F-16F7-4668-BE54-9A1E7A4F7556}") = "Scz.Autofac", "Scz.Autofac\Scz.Autofac.csproj", "{BDF95AD5-D71E-48DA-93AC-22F8C8CBAA2B}"
EndProject
Project("{9A19103F-16F7-4668-BE54-9A1E7A4F7556}") = "Scz.Aop", "Scz.Aop\Scz.Aop.csproj", "{E3D39F9A-F9A1-496E-9E91-0560FA3839A5}"
EndProject
Project("{9A19103F-16F7-4668-BE54-9A1E7A4F7556}") = "Scz.Redis", "Scz.Redis\Scz.Redis.csproj", "{0B848D6D-DEEA-4E35-B8F5-377836B569E6}"
EndProject
Project("{9A19103F-16F7-4668-BE54-9A1E7A4F7556}") = "Scz.RabbitMq", "Scz.RabbitMq\Scz.RabbitMq.csproj", "{04EBA035-F34C-4787-80F4-33528415D6E6}"
EndProject
Project("{9A19103F-16F7-4668-BE54-9A1E7A4F7556}") = "Scz.EventBus", "Scz.EventBus\Scz.EventBus.csproj", "{BF62A526-5634-4A43-8773-1455F12C2A85}"
EndProject
Project("{9A19103F-16F7-4668-BE54-9A1E7A4F7556}") = "Scz.AutoMapper", "Scz.AutoMapper\Scz.AutoMapper.csproj", "{D5964D0C-FE8D-436B-B031-7908CD74BD4B}"
EndProject
Project("{9A19103F-16F7-4668-BE54-9A1E7A4F7556}") = "Scz.Ioc", "Scz.Ioc\Scz.Ioc.csproj", "{74AB2367-753A-43C6-B20A-08991E6BF8C3}"
EndProject
Project("{9A19103F-16F7-4668-BE54-9A1E7A4F7556}") = "Scz.Orm", "Scz.Orm\Scz.Orm.csproj", "{425A498E-77D1-4A0C-9B0A-22EA297CFEB9}"
EndProject
Project("{2150E333-8FDC-42A3-9474-1A3956D46DE8}") = "数据结构", "数据结构", "{DD7A90A5-5050-4CF7-B307-C1F4328330EA}"
EndProject
Project("{9A19103F-16F7-4668-BE54-9A1E7A4F7556}") = "Scz.DataStructure", "Scz.DataStructure\Scz.DataStructure.csproj", "{47A2F1DE-D808-4D4B-8FF3-D290733AA520}"
EndProject
Project("{FAE04EC0-301F-11D3-BF4B-00C04F79EFBC}") = "Scz.MyConsoleApp", "Scz.MyConsoleApp\Scz.MyConsoleApp.csproj", "{2950F870-0E04-4F5F-A807-C2CD20F3544D}"
EndProject
Project("{FAE04EC0-301F-11D3-BF4B-00C04F79EFBC}") = "Scz.AspNetWeb", "Scz.AspNetWeb\Scz.AspNetWeb.csproj", "{EEB8156C-66D7-429B-BC12-E3A3183E1292}"
EndProject
Project("{9A19103F-16F7-4668-BE54-9A1E7A4F7556}") = "Scz.MvcWeb", "Scz.MvcWeb\Scz.MvcWeb.csproj", "{3AABFEBC-F7E3-4066-9794-62C8656921F7}"
EndProject
Project("{9A19103F-16F7-4668-BE54-9A1E7A4F7556}") = "Scz.Cache", "Scz.Cache\Scz.Cache.csproj", "{CCA9C328-124C-4302-BCA4-D5CECE18A608}"
EndProject
Project("{9A19103F-16F7-4668-BE54-9A1E7A4F7556}") = "Scz.Config", "Scz.Config\Scz.Config.csproj", "{A7C27560-BED5-40BC-B0E5-6F9EAD75581C}"
EndProject
Project("{9A19103F-16F7-4668-BE54-9A1E7A4F7556}") = "Scz.Algorithm", "Scz.Algorithm\Scz.Algorithm.csproj", "{91F14AC0-1098-4EA4-95B7-4B236B6BD8BD}"
EndProject
Project("{2150E333-8FDC-42A3-9474-1A3956D46DE8}") = "数据库", "数据库", "{CDE8BEBD-219C-43D7-9A25-E566D10375C8}"
EndProject
Project("{00D1A9C2-B5F0-4AF3-8072-F6C62B433612}") = "Scz.Database", "Scz.Database\Scz.Database.sqlproj", "{86CD7703-9911-46C8-AA5E-869DBA748355}"
EndProject
Project("{9A19103F-16F7-4668-BE54-9A1E7A4F7556}") = "Scz.XUnitTestProject", "Scz.XUnitTestProject\Scz.XUnitTestProject.csproj", "{F893338E-C3DA-4D16-B750-24C6908BDD74}"
EndProject
Project("{9A19103F-16F7-4668-BE54-9A1E7A4F7556}") = "Scz.UnitTestProject", "Scz.UnitTestProject\Scz.UnitTestProject.csproj", "{310D6D58-6195-4AC6-BE41-FA0709D3A1E3}"
EndProject
Project("{2150E333-8FDC-42A3-9474-1A3956D46DE8}") = "服务", "服务", "{CB07D4C1-1879-43F3-B137-459C8F358E67}"
EndProject
Project("{9A19103F-16F7-4668-BE54-9A1E7A4F7556}") = "Scz.GrpcService", "Scz.GrpcService\Scz.GrpcService.csproj", "{67849211-1FB8-453C-A840-13E2EFAD8C3A}"
EndProject
Project("{FAE04EC0-301F-11D3-BF4B-00C04F79EFBC}") = "Scz.WcfService", "Scz.WcfService\Scz.WcfService.csproj", "{10B296C1-121B-4A71-AB1B-10B51986D4BF}"
EndProject
Project("{9A19103F-16F7-4668-BE54-9A1E7A4F7556}") = "Scz.BlazorApp", "Scz.BlazorApp\Scz.BlazorApp.csproj", "{86920793-56F6-4A09-904E-52C31E3CF733}"
EndProject
Project("{9A19103F-16F7-4668-BE54-9A1E7A4F7556}") = "Scz.WorkerService", "Scz.WorkerService\Scz.WorkerService.csproj", "{74B5941F-3223-4C76-AD86-82E7A5DCFCE7}"
EndProject
Project("{2150E333-8FDC-42A3-9474-1A3956D46DE8}") = "算法", "算法", "{F6381566-94EC-49A4-AE7B-0F7297E1AA7E}"
EndProject
Project("{9A19103F-16F7-4668-BE54-9A1E7A4F7556}") = "Scz.Log", "Scz.Log\Scz.Log.csproj", "{44DF5DBE-267B-4FE3-8A9C-CA933D909A47}"
EndProject
Project("{9A19103F-16F7-4668-BE54-9A1E7A4F7556}") = "Scz.Model", "Scz.Model\Scz.Model.csproj", "{15629253-D508-4C66-9621-B577460301D1}"
EndProject
Project("{FAE04EC0-301F-11D3-BF4B-00C04F79EFBC}") = "Scz.IBll", "Scz.IBll\Scz.IBll.csproj", "{22762214-39FE-45F0-9325-D70F04FD637D}"
EndProject
Project("{FAE04EC0-301F-11D3-BF4B-00C04F79EFBC}") = "Scz.Bll", "Scz.Bll\Scz.Bll.csproj", "{3A438689-DED4-4310-A945-5EE704F3537F}"
EndProject
Global
	GlobalSection(SolutionConfigurationPlatforms) = preSolution
		Debug|Any CPU = Debug|Any CPU
		Debug|x86 = Debug|x86
		Release|Any CPU = Release|Any CPU
		Release|x86 = Release|x86
	EndGlobalSection
	GlobalSection(ProjectConfigurationPlatforms) = postSolution
		{5D95AFED-3F9E-4526-8BB5-50B1006A1842}.Debug|Any CPU.ActiveCfg = Debug|Any CPU
		{5D95AFED-3F9E-4526-8BB5-50B1006A1842}.Debug|Any CPU.Build.0 = Debug|Any CPU
		{5D95AFED-3F9E-4526-8BB5-50B1006A1842}.Debug|x86.ActiveCfg = Debug|Any CPU
		{5D95AFED-3F9E-4526-8BB5-50B1006A1842}.Debug|x86.Build.0 = Debug|Any CPU
		{5D95AFED-3F9E-4526-8BB5-50B1006A1842}.Release|Any CPU.ActiveCfg = Release|Any CPU
		{5D95AFED-3F9E-4526-8BB5-50B1006A1842}.Release|Any CPU.Build.0 = Release|Any CPU
		{5D95AFED-3F9E-4526-8BB5-50B1006A1842}.Release|x86.ActiveCfg = Release|Any CPU
		{5D95AFED-3F9E-4526-8BB5-50B1006A1842}.Release|x86.Build.0 = Release|Any CPU
		{BE40E79B-0F97-47EE-84CF-FC3D5FC3D35B}.Debug|Any CPU.ActiveCfg = Debug|Any CPU
		{BE40E79B-0F97-47EE-84CF-FC3D5FC3D35B}.Debug|Any CPU.Build.0 = Debug|Any CPU
		{BE40E79B-0F97-47EE-84CF-FC3D5FC3D35B}.Debug|x86.ActiveCfg = Debug|Any CPU
		{BE40E79B-0F97-47EE-84CF-FC3D5FC3D35B}.Debug|x86.Build.0 = Debug|Any CPU
		{BE40E79B-0F97-47EE-84CF-FC3D5FC3D35B}.Release|Any CPU.ActiveCfg = Release|Any CPU
		{BE40E79B-0F97-47EE-84CF-FC3D5FC3D35B}.Release|Any CPU.Build.0 = Release|Any CPU
		{BE40E79B-0F97-47EE-84CF-FC3D5FC3D35B}.Release|x86.ActiveCfg = Release|Any CPU
		{BE40E79B-0F97-47EE-84CF-FC3D5FC3D35B}.Release|x86.Build.0 = Release|Any CPU
		{DB24E7A3-0E87-48FB-9381-5BCEFE167748}.Debug|Any CPU.ActiveCfg = Debug|Any CPU
		{DB24E7A3-0E87-48FB-9381-5BCEFE167748}.Debug|Any CPU.Build.0 = Debug|Any CPU
		{DB24E7A3-0E87-48FB-9381-5BCEFE167748}.Debug|x86.ActiveCfg = Debug|Any CPU
		{DB24E7A3-0E87-48FB-9381-5BCEFE167748}.Debug|x86.Build.0 = Debug|Any CPU
		{DB24E7A3-0E87-48FB-9381-5BCEFE167748}.Release|Any CPU.ActiveCfg = Release|Any CPU
		{DB24E7A3-0E87-48FB-9381-5BCEFE167748}.Release|Any CPU.Build.0 = Release|Any CPU
		{DB24E7A3-0E87-48FB-9381-5BCEFE167748}.Release|x86.ActiveCfg = Release|Any CPU
		{DB24E7A3-0E87-48FB-9381-5BCEFE167748}.Release|x86.Build.0 = Release|Any CPU
		{F2A43A0C-B8F4-4E42-902E-4E36E815CAAD}.Debug|Any CPU.ActiveCfg = Debug|Any CPU
		{F2A43A0C-B8F4-4E42-902E-4E36E815CAAD}.Debug|Any CPU.Build.0 = Debug|Any CPU
		{F2A43A0C-B8F4-4E42-902E-4E36E815CAAD}.Debug|x86.ActiveCfg = Debug|Any CPU
		{F2A43A0C-B8F4-4E42-902E-4E36E815CAAD}.Debug|x86.Build.0 = Debug|Any CPU
		{F2A43A0C-B8F4-4E42-902E-4E36E815CAAD}.Release|Any CPU.ActiveCfg = Release|Any CPU
		{F2A43A0C-B8F4-4E42-902E-4E36E815CAAD}.Release|Any CPU.Build.0 = Release|Any CPU
		{F2A43A0C-B8F4-4E42-902E-4E36E815CAAD}.Release|x86.ActiveCfg = Release|Any CPU
		{F2A43A0C-B8F4-4E42-902E-4E36E815CAAD}.Release|x86.Build.0 = Release|Any CPU
		{D21CF67F-E891-4E14-B1F0-F6BDF64CC3CC}.Debug|Any CPU.ActiveCfg = Debug|Any CPU
		{D21CF67F-E891-4E14-B1F0-F6BDF64CC3CC}.Debug|Any CPU.Build.0 = Debug|Any CPU
		{D21CF67F-E891-4E14-B1F0-F6BDF64CC3CC}.Debug|x86.ActiveCfg = Debug|Any CPU
		{D21CF67F-E891-4E14-B1F0-F6BDF64CC3CC}.Debug|x86.Build.0 = Debug|Any CPU
		{D21CF67F-E891-4E14-B1F0-F6BDF64CC3CC}.Release|Any CPU.ActiveCfg = Release|Any CPU
		{D21CF67F-E891-4E14-B1F0-F6BDF64CC3CC}.Release|Any CPU.Build.0 = Release|Any CPU
		{D21CF67F-E891-4E14-B1F0-F6BDF64CC3CC}.Release|x86.ActiveCfg = Release|Any CPU
		{D21CF67F-E891-4E14-B1F0-F6BDF64CC3CC}.Release|x86.Build.0 = Release|Any CPU
		{88A28A1F-EF54-4223-9A76-EA0E25479919}.Debug|Any CPU.ActiveCfg = Debug|Any CPU
		{88A28A1F-EF54-4223-9A76-EA0E25479919}.Debug|Any CPU.Build.0 = Debug|Any CPU
		{88A28A1F-EF54-4223-9A76-EA0E25479919}.Debug|x86.ActiveCfg = Debug|Any CPU
		{88A28A1F-EF54-4223-9A76-EA0E25479919}.Debug|x86.Build.0 = Debug|Any CPU
		{88A28A1F-EF54-4223-9A76-EA0E25479919}.Release|Any CPU.ActiveCfg = Release|Any CPU
		{88A28A1F-EF54-4223-9A76-EA0E25479919}.Release|Any CPU.Build.0 = Release|Any CPU
		{88A28A1F-EF54-4223-9A76-EA0E25479919}.Release|x86.ActiveCfg = Release|Any CPU
		{88A28A1F-EF54-4223-9A76-EA0E25479919}.Release|x86.Build.0 = Release|Any CPU
		{6EE63522-0FAE-49B7-8769-6C45BC54561A}.Debug|Any CPU.ActiveCfg = Debug|Any CPU
		{6EE63522-0FAE-49B7-8769-6C45BC54561A}.Debug|Any CPU.Build.0 = Debug|Any CPU
		{6EE63522-0FAE-49B7-8769-6C45BC54561A}.Debug|x86.ActiveCfg = Debug|Any CPU
		{6EE63522-0FAE-49B7-8769-6C45BC54561A}.Debug|x86.Build.0 = Debug|Any CPU
		{6EE63522-0FAE-49B7-8769-6C45BC54561A}.Release|Any CPU.ActiveCfg = Release|Any CPU
		{6EE63522-0FAE-49B7-8769-6C45BC54561A}.Release|Any CPU.Build.0 = Release|Any CPU
		{6EE63522-0FAE-49B7-8769-6C45BC54561A}.Release|x86.ActiveCfg = Release|Any CPU
		{6EE63522-0FAE-49B7-8769-6C45BC54561A}.Release|x86.Build.0 = Release|Any CPU
		{7717B0DE-A1D8-4D1B-BADC-7A0FBAE5132D}.Debug|Any CPU.ActiveCfg = Debug|Any CPU
		{7717B0DE-A1D8-4D1B-BADC-7A0FBAE5132D}.Debug|Any CPU.Build.0 = Debug|Any CPU
		{7717B0DE-A1D8-4D1B-BADC-7A0FBAE5132D}.Debug|x86.ActiveCfg = Debug|Any CPU
		{7717B0DE-A1D8-4D1B-BADC-7A0FBAE5132D}.Debug|x86.Build.0 = Debug|Any CPU
		{7717B0DE-A1D8-4D1B-BADC-7A0FBAE5132D}.Release|Any CPU.ActiveCfg = Release|Any CPU
		{7717B0DE-A1D8-4D1B-BADC-7A0FBAE5132D}.Release|Any CPU.Build.0 = Release|Any CPU
		{7717B0DE-A1D8-4D1B-BADC-7A0FBAE5132D}.Release|x86.ActiveCfg = Release|Any CPU
		{7717B0DE-A1D8-4D1B-BADC-7A0FBAE5132D}.Release|x86.Build.0 = Release|Any CPU
		{6C974DF1-0C8E-4061-8D6F-668A6DF788BD}.Debug|Any CPU.ActiveCfg = Debug|Any CPU
		{6C974DF1-0C8E-4061-8D6F-668A6DF788BD}.Debug|Any CPU.Build.0 = Debug|Any CPU
		{6C974DF1-0C8E-4061-8D6F-668A6DF788BD}.Debug|x86.ActiveCfg = Debug|Any CPU
		{6C974DF1-0C8E-4061-8D6F-668A6DF788BD}.Debug|x86.Build.0 = Debug|Any CPU
		{6C974DF1-0C8E-4061-8D6F-668A6DF788BD}.Release|Any CPU.ActiveCfg = Release|Any CPU
		{6C974DF1-0C8E-4061-8D6F-668A6DF788BD}.Release|Any CPU.Build.0 = Release|Any CPU
		{6C974DF1-0C8E-4061-8D6F-668A6DF788BD}.Release|x86.ActiveCfg = Release|Any CPU
		{6C974DF1-0C8E-4061-8D6F-668A6DF788BD}.Release|x86.Build.0 = Release|Any CPU
		{BDF95AD5-D71E-48DA-93AC-22F8C8CBAA2B}.Debug|Any CPU.ActiveCfg = Debug|Any CPU
		{BDF95AD5-D71E-48DA-93AC-22F8C8CBAA2B}.Debug|Any CPU.Build.0 = Debug|Any CPU
		{BDF95AD5-D71E-48DA-93AC-22F8C8CBAA2B}.Debug|x86.ActiveCfg = Debug|Any CPU
		{BDF95AD5-D71E-48DA-93AC-22F8C8CBAA2B}.Debug|x86.Build.0 = Debug|Any CPU
		{BDF95AD5-D71E-48DA-93AC-22F8C8CBAA2B}.Release|Any CPU.ActiveCfg = Release|Any CPU
		{BDF95AD5-D71E-48DA-93AC-22F8C8CBAA2B}.Release|Any CPU.Build.0 = Release|Any CPU
		{BDF95AD5-D71E-48DA-93AC-22F8C8CBAA2B}.Release|x86.ActiveCfg = Release|Any CPU
		{BDF95AD5-D71E-48DA-93AC-22F8C8CBAA2B}.Release|x86.Build.0 = Release|Any CPU
		{E3D39F9A-F9A1-496E-9E91-0560FA3839A5}.Debug|Any CPU.ActiveCfg = Debug|Any CPU
		{E3D39F9A-F9A1-496E-9E91-0560FA3839A5}.Debug|Any CPU.Build.0 = Debug|Any CPU
		{E3D39F9A-F9A1-496E-9E91-0560FA3839A5}.Debug|x86.ActiveCfg = Debug|Any CPU
		{E3D39F9A-F9A1-496E-9E91-0560FA3839A5}.Debug|x86.Build.0 = Debug|Any CPU
		{E3D39F9A-F9A1-496E-9E91-0560FA3839A5}.Release|Any CPU.ActiveCfg = Release|Any CPU
		{E3D39F9A-F9A1-496E-9E91-0560FA3839A5}.Release|Any CPU.Build.0 = Release|Any CPU
		{E3D39F9A-F9A1-496E-9E91-0560FA3839A5}.Release|x86.ActiveCfg = Release|Any CPU
		{E3D39F9A-F9A1-496E-9E91-0560FA3839A5}.Release|x86.Build.0 = Release|Any CPU
		{0B848D6D-DEEA-4E35-B8F5-377836B569E6}.Debug|Any CPU.ActiveCfg = Debug|Any CPU
		{0B848D6D-DEEA-4E35-B8F5-377836B569E6}.Debug|Any CPU.Build.0 = Debug|Any CPU
		{0B848D6D-DEEA-4E35-B8F5-377836B569E6}.Debug|x86.ActiveCfg = Debug|Any CPU
		{0B848D6D-DEEA-4E35-B8F5-377836B569E6}.Debug|x86.Build.0 = Debug|Any CPU
		{0B848D6D-DEEA-4E35-B8F5-377836B569E6}.Release|Any CPU.ActiveCfg = Release|Any CPU
		{0B848D6D-DEEA-4E35-B8F5-377836B569E6}.Release|Any CPU.Build.0 = Release|Any CPU
		{0B848D6D-DEEA-4E35-B8F5-377836B569E6}.Release|x86.ActiveCfg = Release|Any CPU
		{0B848D6D-DEEA-4E35-B8F5-377836B569E6}.Release|x86.Build.0 = Release|Any CPU
		{04EBA035-F34C-4787-80F4-33528415D6E6}.Debug|Any CPU.ActiveCfg = Debug|Any CPU
		{04EBA035-F34C-4787-80F4-33528415D6E6}.Debug|Any CPU.Build.0 = Debug|Any CPU
		{04EBA035-F34C-4787-80F4-33528415D6E6}.Debug|x86.ActiveCfg = Debug|Any CPU
		{04EBA035-F34C-4787-80F4-33528415D6E6}.Debug|x86.Build.0 = Debug|Any CPU
		{04EBA035-F34C-4787-80F4-33528415D6E6}.Release|Any CPU.ActiveCfg = Release|Any CPU
		{04EBA035-F34C-4787-80F4-33528415D6E6}.Release|Any CPU.Build.0 = Release|Any CPU
		{04EBA035-F34C-4787-80F4-33528415D6E6}.Release|x86.ActiveCfg = Release|Any CPU
		{04EBA035-F34C-4787-80F4-33528415D6E6}.Release|x86.Build.0 = Release|Any CPU
		{BF62A526-5634-4A43-8773-1455F12C2A85}.Debug|Any CPU.ActiveCfg = Debug|Any CPU
		{BF62A526-5634-4A43-8773-1455F12C2A85}.Debug|Any CPU.Build.0 = Debug|Any CPU
		{BF62A526-5634-4A43-8773-1455F12C2A85}.Debug|x86.ActiveCfg = Debug|Any CPU
		{BF62A526-5634-4A43-8773-1455F12C2A85}.Debug|x86.Build.0 = Debug|Any CPU
		{BF62A526-5634-4A43-8773-1455F12C2A85}.Release|Any CPU.ActiveCfg = Release|Any CPU
		{BF62A526-5634-4A43-8773-1455F12C2A85}.Release|Any CPU.Build.0 = Release|Any CPU
		{BF62A526-5634-4A43-8773-1455F12C2A85}.Release|x86.ActiveCfg = Release|Any CPU
		{BF62A526-5634-4A43-8773-1455F12C2A85}.Release|x86.Build.0 = Release|Any CPU
		{D5964D0C-FE8D-436B-B031-7908CD74BD4B}.Debug|Any CPU.ActiveCfg = Debug|Any CPU
		{D5964D0C-FE8D-436B-B031-7908CD74BD4B}.Debug|Any CPU.Build.0 = Debug|Any CPU
		{D5964D0C-FE8D-436B-B031-7908CD74BD4B}.Debug|x86.ActiveCfg = Debug|Any CPU
		{D5964D0C-FE8D-436B-B031-7908CD74BD4B}.Debug|x86.Build.0 = Debug|Any CPU
		{D5964D0C-FE8D-436B-B031-7908CD74BD4B}.Release|Any CPU.ActiveCfg = Release|Any CPU
		{D5964D0C-FE8D-436B-B031-7908CD74BD4B}.Release|Any CPU.Build.0 = Release|Any CPU
		{D5964D0C-FE8D-436B-B031-7908CD74BD4B}.Release|x86.ActiveCfg = Release|Any CPU
		{D5964D0C-FE8D-436B-B031-7908CD74BD4B}.Release|x86.Build.0 = Release|Any CPU
		{74AB2367-753A-43C6-B20A-08991E6BF8C3}.Debug|Any CPU.ActiveCfg = Debug|Any CPU
		{74AB2367-753A-43C6-B20A-08991E6BF8C3}.Debug|Any CPU.Build.0 = Debug|Any CPU
		{74AB2367-753A-43C6-B20A-08991E6BF8C3}.Debug|x86.ActiveCfg = Debug|Any CPU
		{74AB2367-753A-43C6-B20A-08991E6BF8C3}.Debug|x86.Build.0 = Debug|Any CPU
		{74AB2367-753A-43C6-B20A-08991E6BF8C3}.Release|Any CPU.ActiveCfg = Release|Any CPU
		{74AB2367-753A-43C6-B20A-08991E6BF8C3}.Release|Any CPU.Build.0 = Release|Any CPU
		{74AB2367-753A-43C6-B20A-08991E6BF8C3}.Release|x86.ActiveCfg = Release|Any CPU
		{74AB2367-753A-43C6-B20A-08991E6BF8C3}.Release|x86.Build.0 = Release|Any CPU
		{425A498E-77D1-4A0C-9B0A-22EA297CFEB9}.Debug|Any CPU.ActiveCfg = Debug|Any CPU
		{425A498E-77D1-4A0C-9B0A-22EA297CFEB9}.Debug|Any CPU.Build.0 = Debug|Any CPU
		{425A498E-77D1-4A0C-9B0A-22EA297CFEB9}.Debug|x86.ActiveCfg = Debug|Any CPU
		{425A498E-77D1-4A0C-9B0A-22EA297CFEB9}.Debug|x86.Build.0 = Debug|Any CPU
		{425A498E-77D1-4A0C-9B0A-22EA297CFEB9}.Release|Any CPU.ActiveCfg = Release|Any CPU
		{425A498E-77D1-4A0C-9B0A-22EA297CFEB9}.Release|Any CPU.Build.0 = Release|Any CPU
		{425A498E-77D1-4A0C-9B0A-22EA297CFEB9}.Release|x86.ActiveCfg = Release|Any CPU
		{425A498E-77D1-4A0C-9B0A-22EA297CFEB9}.Release|x86.Build.0 = Release|Any CPU
		{47A2F1DE-D808-4D4B-8FF3-D290733AA520}.Debug|Any CPU.ActiveCfg = Debug|Any CPU
		{47A2F1DE-D808-4D4B-8FF3-D290733AA520}.Debug|Any CPU.Build.0 = Debug|Any CPU
		{47A2F1DE-D808-4D4B-8FF3-D290733AA520}.Debug|x86.ActiveCfg = Debug|Any CPU
		{47A2F1DE-D808-4D4B-8FF3-D290733AA520}.Debug|x86.Build.0 = Debug|Any CPU
		{47A2F1DE-D808-4D4B-8FF3-D290733AA520}.Release|Any CPU.ActiveCfg = Release|Any CPU
		{47A2F1DE-D808-4D4B-8FF3-D290733AA520}.Release|Any CPU.Build.0 = Release|Any CPU
		{47A2F1DE-D808-4D4B-8FF3-D290733AA520}.Release|x86.ActiveCfg = Release|Any CPU
		{47A2F1DE-D808-4D4B-8FF3-D290733AA520}.Release|x86.Build.0 = Release|Any CPU
		{2950F870-0E04-4F5F-A807-C2CD20F3544D}.Debug|Any CPU.ActiveCfg = Debug|Any CPU
		{2950F870-0E04-4F5F-A807-C2CD20F3544D}.Debug|Any CPU.Build.0 = Debug|Any CPU
		{2950F870-0E04-4F5F-A807-C2CD20F3544D}.Debug|x86.ActiveCfg = Debug|Any CPU
		{2950F870-0E04-4F5F-A807-C2CD20F3544D}.Debug|x86.Build.0 = Debug|Any CPU
		{2950F870-0E04-4F5F-A807-C2CD20F3544D}.Release|Any CPU.ActiveCfg = Release|Any CPU
		{2950F870-0E04-4F5F-A807-C2CD20F3544D}.Release|Any CPU.Build.0 = Release|Any CPU
		{2950F870-0E04-4F5F-A807-C2CD20F3544D}.Release|x86.ActiveCfg = Release|Any CPU
		{2950F870-0E04-4F5F-A807-C2CD20F3544D}.Release|x86.Build.0 = Release|Any CPU
		{EEB8156C-66D7-429B-BC12-E3A3183E1292}.Debug|Any CPU.ActiveCfg = Debug|Any CPU
		{EEB8156C-66D7-429B-BC12-E3A3183E1292}.Debug|Any CPU.Build.0 = Debug|Any CPU
		{EEB8156C-66D7-429B-BC12-E3A3183E1292}.Debug|x86.ActiveCfg = Debug|Any CPU
		{EEB8156C-66D7-429B-BC12-E3A3183E1292}.Debug|x86.Build.0 = Debug|Any CPU
		{EEB8156C-66D7-429B-BC12-E3A3183E1292}.Release|Any CPU.ActiveCfg = Release|Any CPU
		{EEB8156C-66D7-429B-BC12-E3A3183E1292}.Release|Any CPU.Build.0 = Release|Any CPU
		{EEB8156C-66D7-429B-BC12-E3A3183E1292}.Release|x86.ActiveCfg = Release|Any CPU
		{EEB8156C-66D7-429B-BC12-E3A3183E1292}.Release|x86.Build.0 = Release|Any CPU
		{3AABFEBC-F7E3-4066-9794-62C8656921F7}.Debug|Any CPU.ActiveCfg = Debug|Any CPU
		{3AABFEBC-F7E3-4066-9794-62C8656921F7}.Debug|Any CPU.Build.0 = Debug|Any CPU
		{3AABFEBC-F7E3-4066-9794-62C8656921F7}.Debug|x86.ActiveCfg = Debug|Any CPU
		{3AABFEBC-F7E3-4066-9794-62C8656921F7}.Debug|x86.Build.0 = Debug|Any CPU
		{3AABFEBC-F7E3-4066-9794-62C8656921F7}.Release|Any CPU.ActiveCfg = Release|Any CPU
		{3AABFEBC-F7E3-4066-9794-62C8656921F7}.Release|Any CPU.Build.0 = Release|Any CPU
		{3AABFEBC-F7E3-4066-9794-62C8656921F7}.Release|x86.ActiveCfg = Release|Any CPU
		{3AABFEBC-F7E3-4066-9794-62C8656921F7}.Release|x86.Build.0 = Release|Any CPU
		{CCA9C328-124C-4302-BCA4-D5CECE18A608}.Debug|Any CPU.ActiveCfg = Debug|Any CPU
		{CCA9C328-124C-4302-BCA4-D5CECE18A608}.Debug|Any CPU.Build.0 = Debug|Any CPU
		{CCA9C328-124C-4302-BCA4-D5CECE18A608}.Debug|x86.ActiveCfg = Debug|Any CPU
		{CCA9C328-124C-4302-BCA4-D5CECE18A608}.Debug|x86.Build.0 = Debug|Any CPU
		{CCA9C328-124C-4302-BCA4-D5CECE18A608}.Release|Any CPU.ActiveCfg = Release|Any CPU
		{CCA9C328-124C-4302-BCA4-D5CECE18A608}.Release|Any CPU.Build.0 = Release|Any CPU
		{CCA9C328-124C-4302-BCA4-D5CECE18A608}.Release|x86.ActiveCfg = Release|Any CPU
		{CCA9C328-124C-4302-BCA4-D5CECE18A608}.Release|x86.Build.0 = Release|Any CPU
		{A7C27560-BED5-40BC-B0E5-6F9EAD75581C}.Debug|Any CPU.ActiveCfg = Debug|Any CPU
		{A7C27560-BED5-40BC-B0E5-6F9EAD75581C}.Debug|Any CPU.Build.0 = Debug|Any CPU
		{A7C27560-BED5-40BC-B0E5-6F9EAD75581C}.Debug|x86.ActiveCfg = Debug|Any CPU
		{A7C27560-BED5-40BC-B0E5-6F9EAD75581C}.Debug|x86.Build.0 = Debug|Any CPU
		{A7C27560-BED5-40BC-B0E5-6F9EAD75581C}.Release|Any CPU.ActiveCfg = Release|Any CPU
		{A7C27560-BED5-40BC-B0E5-6F9EAD75581C}.Release|Any CPU.Build.0 = Release|Any CPU
		{A7C27560-BED5-40BC-B0E5-6F9EAD75581C}.Release|x86.ActiveCfg = Release|Any CPU
		{A7C27560-BED5-40BC-B0E5-6F9EAD75581C}.Release|x86.Build.0 = Release|Any CPU
		{91F14AC0-1098-4EA4-95B7-4B236B6BD8BD}.Debug|Any CPU.ActiveCfg = Debug|Any CPU
		{91F14AC0-1098-4EA4-95B7-4B236B6BD8BD}.Debug|Any CPU.Build.0 = Debug|Any CPU
		{91F14AC0-1098-4EA4-95B7-4B236B6BD8BD}.Debug|x86.ActiveCfg = Debug|Any CPU
		{91F14AC0-1098-4EA4-95B7-4B236B6BD8BD}.Debug|x86.Build.0 = Debug|Any CPU
		{91F14AC0-1098-4EA4-95B7-4B236B6BD8BD}.Release|Any CPU.ActiveCfg = Release|Any CPU
		{91F14AC0-1098-4EA4-95B7-4B236B6BD8BD}.Release|Any CPU.Build.0 = Release|Any CPU
		{91F14AC0-1098-4EA4-95B7-4B236B6BD8BD}.Release|x86.ActiveCfg = Release|Any CPU
		{91F14AC0-1098-4EA4-95B7-4B236B6BD8BD}.Release|x86.Build.0 = Release|Any CPU
		{86CD7703-9911-46C8-AA5E-869DBA748355}.Debug|Any CPU.ActiveCfg = Debug|Any CPU
		{86CD7703-9911-46C8-AA5E-869DBA748355}.Debug|Any CPU.Build.0 = Debug|Any CPU
		{86CD7703-9911-46C8-AA5E-869DBA748355}.Debug|Any CPU.Deploy.0 = Debug|Any CPU
		{86CD7703-9911-46C8-AA5E-869DBA748355}.Debug|x86.ActiveCfg = Debug|Any CPU
		{86CD7703-9911-46C8-AA5E-869DBA748355}.Debug|x86.Build.0 = Debug|Any CPU
		{86CD7703-9911-46C8-AA5E-869DBA748355}.Debug|x86.Deploy.0 = Debug|Any CPU
		{86CD7703-9911-46C8-AA5E-869DBA748355}.Release|Any CPU.ActiveCfg = Release|Any CPU
		{86CD7703-9911-46C8-AA5E-869DBA748355}.Release|Any CPU.Build.0 = Release|Any CPU
		{86CD7703-9911-46C8-AA5E-869DBA748355}.Release|Any CPU.Deploy.0 = Release|Any CPU
		{86CD7703-9911-46C8-AA5E-869DBA748355}.Release|x86.ActiveCfg = Release|Any CPU
		{86CD7703-9911-46C8-AA5E-869DBA748355}.Release|x86.Build.0 = Release|Any CPU
		{86CD7703-9911-46C8-AA5E-869DBA748355}.Release|x86.Deploy.0 = Release|Any CPU
		{F893338E-C3DA-4D16-B750-24C6908BDD74}.Debug|Any CPU.ActiveCfg = Debug|Any CPU
		{F893338E-C3DA-4D16-B750-24C6908BDD74}.Debug|Any CPU.Build.0 = Debug|Any CPU
		{F893338E-C3DA-4D16-B750-24C6908BDD74}.Debug|x86.ActiveCfg = Debug|Any CPU
		{F893338E-C3DA-4D16-B750-24C6908BDD74}.Debug|x86.Build.0 = Debug|Any CPU
		{F893338E-C3DA-4D16-B750-24C6908BDD74}.Release|Any CPU.ActiveCfg = Release|Any CPU
		{F893338E-C3DA-4D16-B750-24C6908BDD74}.Release|Any CPU.Build.0 = Release|Any CPU
		{F893338E-C3DA-4D16-B750-24C6908BDD74}.Release|x86.ActiveCfg = Release|Any CPU
		{F893338E-C3DA-4D16-B750-24C6908BDD74}.Release|x86.Build.0 = Release|Any CPU
		{310D6D58-6195-4AC6-BE41-FA0709D3A1E3}.Debug|Any CPU.ActiveCfg = Debug|Any CPU
		{310D6D58-6195-4AC6-BE41-FA0709D3A1E3}.Debug|Any CPU.Build.0 = Debug|Any CPU
		{310D6D58-6195-4AC6-BE41-FA0709D3A1E3}.Debug|x86.ActiveCfg = Debug|Any CPU
		{310D6D58-6195-4AC6-BE41-FA0709D3A1E3}.Debug|x86.Build.0 = Debug|Any CPU
		{310D6D58-6195-4AC6-BE41-FA0709D3A1E3}.Release|Any CPU.ActiveCfg = Release|Any CPU
		{310D6D58-6195-4AC6-BE41-FA0709D3A1E3}.Release|Any CPU.Build.0 = Release|Any CPU
		{310D6D58-6195-4AC6-BE41-FA0709D3A1E3}.Release|x86.ActiveCfg = Release|Any CPU
		{310D6D58-6195-4AC6-BE41-FA0709D3A1E3}.Release|x86.Build.0 = Release|Any CPU
		{67849211-1FB8-453C-A840-13E2EFAD8C3A}.Debug|Any CPU.ActiveCfg = Debug|Any CPU
		{67849211-1FB8-453C-A840-13E2EFAD8C3A}.Debug|Any CPU.Build.0 = Debug|Any CPU
		{67849211-1FB8-453C-A840-13E2EFAD8C3A}.Debug|x86.ActiveCfg = Debug|Any CPU
		{67849211-1FB8-453C-A840-13E2EFAD8C3A}.Debug|x86.Build.0 = Debug|Any CPU
		{67849211-1FB8-453C-A840-13E2EFAD8C3A}.Release|Any CPU.ActiveCfg = Release|Any CPU
		{67849211-1FB8-453C-A840-13E2EFAD8C3A}.Release|Any CPU.Build.0 = Release|Any CPU
		{67849211-1FB8-453C-A840-13E2EFAD8C3A}.Release|x86.ActiveCfg = Release|Any CPU
		{67849211-1FB8-453C-A840-13E2EFAD8C3A}.Release|x86.Build.0 = Release|Any CPU
		{10B296C1-121B-4A71-AB1B-10B51986D4BF}.Debug|Any CPU.ActiveCfg = Debug|Any CPU
		{10B296C1-121B-4A71-AB1B-10B51986D4BF}.Debug|Any CPU.Build.0 = Debug|Any CPU
		{10B296C1-121B-4A71-AB1B-10B51986D4BF}.Debug|x86.ActiveCfg = Debug|Any CPU
		{10B296C1-121B-4A71-AB1B-10B51986D4BF}.Debug|x86.Build.0 = Debug|Any CPU
		{10B296C1-121B-4A71-AB1B-10B51986D4BF}.Release|Any CPU.ActiveCfg = Release|Any CPU
		{10B296C1-121B-4A71-AB1B-10B51986D4BF}.Release|Any CPU.Build.0 = Release|Any CPU
		{10B296C1-121B-4A71-AB1B-10B51986D4BF}.Release|x86.ActiveCfg = Release|Any CPU
		{10B296C1-121B-4A71-AB1B-10B51986D4BF}.Release|x86.Build.0 = Release|Any CPU
		{86920793-56F6-4A09-904E-52C31E3CF733}.Debug|Any CPU.ActiveCfg = Debug|Any CPU
		{86920793-56F6-4A09-904E-52C31E3CF733}.Debug|Any CPU.Build.0 = Debug|Any CPU
		{86920793-56F6-4A09-904E-52C31E3CF733}.Debug|x86.ActiveCfg = Debug|Any CPU
		{86920793-56F6-4A09-904E-52C31E3CF733}.Debug|x86.Build.0 = Debug|Any CPU
		{86920793-56F6-4A09-904E-52C31E3CF733}.Release|Any CPU.ActiveCfg = Release|Any CPU
		{86920793-56F6-4A09-904E-52C31E3CF733}.Release|Any CPU.Build.0 = Release|Any CPU
		{86920793-56F6-4A09-904E-52C31E3CF733}.Release|x86.ActiveCfg = Release|Any CPU
		{86920793-56F6-4A09-904E-52C31E3CF733}.Release|x86.Build.0 = Release|Any CPU
		{74B5941F-3223-4C76-AD86-82E7A5DCFCE7}.Debug|Any CPU.ActiveCfg = Debug|Any CPU
		{74B5941F-3223-4C76-AD86-82E7A5DCFCE7}.Debug|Any CPU.Build.0 = Debug|Any CPU
		{74B5941F-3223-4C76-AD86-82E7A5DCFCE7}.Debug|x86.ActiveCfg = Debug|Any CPU
		{74B5941F-3223-4C76-AD86-82E7A5DCFCE7}.Debug|x86.Build.0 = Debug|Any CPU
		{74B5941F-3223-4C76-AD86-82E7A5DCFCE7}.Release|Any CPU.ActiveCfg = Release|Any CPU
		{74B5941F-3223-4C76-AD86-82E7A5DCFCE7}.Release|Any CPU.Build.0 = Release|Any CPU
		{74B5941F-3223-4C76-AD86-82E7A5DCFCE7}.Release|x86.ActiveCfg = Release|Any CPU
		{74B5941F-3223-4C76-AD86-82E7A5DCFCE7}.Release|x86.Build.0 = Release|Any CPU
		{44DF5DBE-267B-4FE3-8A9C-CA933D909A47}.Debug|Any CPU.ActiveCfg = Debug|Any CPU
		{44DF5DBE-267B-4FE3-8A9C-CA933D909A47}.Debug|Any CPU.Build.0 = Debug|Any CPU
		{44DF5DBE-267B-4FE3-8A9C-CA933D909A47}.Debug|x86.ActiveCfg = Debug|Any CPU
		{44DF5DBE-267B-4FE3-8A9C-CA933D909A47}.Debug|x86.Build.0 = Debug|Any CPU
		{44DF5DBE-267B-4FE3-8A9C-CA933D909A47}.Release|Any CPU.ActiveCfg = Release|Any CPU
		{44DF5DBE-267B-4FE3-8A9C-CA933D909A47}.Release|Any CPU.Build.0 = Release|Any CPU
		{44DF5DBE-267B-4FE3-8A9C-CA933D909A47}.Release|x86.ActiveCfg = Release|Any CPU
		{44DF5DBE-267B-4FE3-8A9C-CA933D909A47}.Release|x86.Build.0 = Release|Any CPU
		{15629253-D508-4C66-9621-B577460301D1}.Debug|Any CPU.ActiveCfg = Debug|Any CPU
		{15629253-D508-4C66-9621-B577460301D1}.Debug|Any CPU.Build.0 = Debug|Any CPU
		{15629253-D508-4C66-9621-B577460301D1}.Debug|x86.ActiveCfg = Debug|Any CPU
		{15629253-D508-4C66-9621-B577460301D1}.Debug|x86.Build.0 = Debug|Any CPU
		{15629253-D508-4C66-9621-B577460301D1}.Release|Any CPU.ActiveCfg = Release|Any CPU
		{15629253-D508-4C66-9621-B577460301D1}.Release|Any CPU.Build.0 = Release|Any CPU
		{15629253-D508-4C66-9621-B577460301D1}.Release|x86.ActiveCfg = Release|Any CPU
		{15629253-D508-4C66-9621-B577460301D1}.Release|x86.Build.0 = Release|Any CPU
		{22762214-39FE-45F0-9325-D70F04FD637D}.Debug|Any CPU.ActiveCfg = Debug|Any CPU
		{22762214-39FE-45F0-9325-D70F04FD637D}.Debug|Any CPU.Build.0 = Debug|Any CPU
		{22762214-39FE-45F0-9325-D70F04FD637D}.Debug|x86.ActiveCfg = Debug|Any CPU
		{22762214-39FE-45F0-9325-D70F04FD637D}.Debug|x86.Build.0 = Debug|Any CPU
		{22762214-39FE-45F0-9325-D70F04FD637D}.Release|Any CPU.ActiveCfg = Release|Any CPU
		{22762214-39FE-45F0-9325-D70F04FD637D}.Release|Any CPU.Build.0 = Release|Any CPU
		{22762214-39FE-45F0-9325-D70F04FD637D}.Release|x86.ActiveCfg = Release|Any CPU
		{22762214-39FE-45F0-9325-D70F04FD637D}.Release|x86.Build.0 = Release|Any CPU
		{3A438689-DED4-4310-A945-5EE704F3537F}.Debug|Any CPU.ActiveCfg = Debug|Any CPU
		{3A438689-DED4-4310-A945-5EE704F3537F}.Debug|Any CPU.Build.0 = Debug|Any CPU
		{3A438689-DED4-4310-A945-5EE704F3537F}.Debug|x86.ActiveCfg = Debug|Any CPU
		{3A438689-DED4-4310-A945-5EE704F3537F}.Debug|x86.Build.0 = Debug|Any CPU
		{3A438689-DED4-4310-A945-5EE704F3537F}.Release|Any CPU.ActiveCfg = Release|Any CPU
		{3A438689-DED4-4310-A945-5EE704F3537F}.Release|Any CPU.Build.0 = Release|Any CPU
		{3A438689-DED4-4310-A945-5EE704F3537F}.Release|x86.ActiveCfg = Release|Any CPU
		{3A438689-DED4-4310-A945-5EE704F3537F}.Release|x86.Build.0 = Release|Any CPU
	EndGlobalSection
	GlobalSection(SolutionProperties) = preSolution
		HideSolutionNode = FALSE
	EndGlobalSection
	GlobalSection(NestedProjects) = preSolution
		{5D95AFED-3F9E-4526-8BB5-50B1006A1842} = {C501D509-F4F2-4F33-A3BD-B5B9C91F14CE}
		{BE40E79B-0F97-47EE-84CF-FC3D5FC3D35B} = {CB07D4C1-1879-43F3-B137-459C8F358E67}
		{DB24E7A3-0E87-48FB-9381-5BCEFE167748} = {118B1A74-7336-4EFC-AB68-A1E091DA8240}
		{F2A43A0C-B8F4-4E42-902E-4E36E815CAAD} = {B772DE5E-FE28-475D-A332-391AF6CF4299}
		{D21CF67F-E891-4E14-B1F0-F6BDF64CC3CC} = {175EE48E-EFCC-4F22-85ED-5A2D28EC9916}
		{88A28A1F-EF54-4223-9A76-EA0E25479919} = {B0887A47-1730-4224-9AE7-24598CEBF214}
		{6EE63522-0FAE-49B7-8769-6C45BC54561A} = {C501D509-F4F2-4F33-A3BD-B5B9C91F14CE}
		{7717B0DE-A1D8-4D1B-BADC-7A0FBAE5132D} = {118B1A74-7336-4EFC-AB68-A1E091DA8240}
		{6C974DF1-0C8E-4061-8D6F-668A6DF788BD} = {D18A3C4D-D5D3-4D61-B82E-AE348237FF53}
		{BDF95AD5-D71E-48DA-93AC-22F8C8CBAA2B} = {118B1A74-7336-4EFC-AB68-A1E091DA8240}
		{E3D39F9A-F9A1-496E-9E91-0560FA3839A5} = {118B1A74-7336-4EFC-AB68-A1E091DA8240}
		{0B848D6D-DEEA-4E35-B8F5-377836B569E6} = {118B1A74-7336-4EFC-AB68-A1E091DA8240}
		{04EBA035-F34C-4787-80F4-33528415D6E6} = {118B1A74-7336-4EFC-AB68-A1E091DA8240}
		{BF62A526-5634-4A43-8773-1455F12C2A85} = {118B1A74-7336-4EFC-AB68-A1E091DA8240}
		{D5964D0C-FE8D-436B-B031-7908CD74BD4B} = {118B1A74-7336-4EFC-AB68-A1E091DA8240}
		{74AB2367-753A-43C6-B20A-08991E6BF8C3} = {118B1A74-7336-4EFC-AB68-A1E091DA8240}
		{425A498E-77D1-4A0C-9B0A-22EA297CFEB9} = {118B1A74-7336-4EFC-AB68-A1E091DA8240}
		{47A2F1DE-D808-4D4B-8FF3-D290733AA520} = {DD7A90A5-5050-4CF7-B307-C1F4328330EA}
		{2950F870-0E04-4F5F-A807-C2CD20F3544D} = {118B1A74-7336-4EFC-AB68-A1E091DA8240}
		{EEB8156C-66D7-429B-BC12-E3A3183E1292} = {D18A3C4D-D5D3-4D61-B82E-AE348237FF53}
		{3AABFEBC-F7E3-4066-9794-62C8656921F7} = {D18A3C4D-D5D3-4D61-B82E-AE348237FF53}
		{CCA9C328-124C-4302-BCA4-D5CECE18A608} = {118B1A74-7336-4EFC-AB68-A1E091DA8240}
		{A7C27560-BED5-40BC-B0E5-6F9EAD75581C} = {118B1A74-7336-4EFC-AB68-A1E091DA8240}
		{91F14AC0-1098-4EA4-95B7-4B236B6BD8BD} = {F6381566-94EC-49A4-AE7B-0F7297E1AA7E}
		{86CD7703-9911-46C8-AA5E-869DBA748355} = {CDE8BEBD-219C-43D7-9A25-E566D10375C8}
		{F893338E-C3DA-4D16-B750-24C6908BDD74} = {B772DE5E-FE28-475D-A332-391AF6CF4299}
		{310D6D58-6195-4AC6-BE41-FA0709D3A1E3} = {B772DE5E-FE28-475D-A332-391AF6CF4299}
		{67849211-1FB8-453C-A840-13E2EFAD8C3A} = {CB07D4C1-1879-43F3-B137-459C8F358E67}
		{10B296C1-121B-4A71-AB1B-10B51986D4BF} = {CB07D4C1-1879-43F3-B137-459C8F358E67}
		{86920793-56F6-4A09-904E-52C31E3CF733} = {D18A3C4D-D5D3-4D61-B82E-AE348237FF53}
		{74B5941F-3223-4C76-AD86-82E7A5DCFCE7} = {CB07D4C1-1879-43F3-B137-459C8F358E67}
		{44DF5DBE-267B-4FE3-8A9C-CA933D909A47} = {118B1A74-7336-4EFC-AB68-A1E091DA8240}
		{15629253-D508-4C66-9621-B577460301D1} = {C501D509-F4F2-4F33-A3BD-B5B9C91F14CE}
		{22762214-39FE-45F0-9325-D70F04FD637D} = {175EE48E-EFCC-4F22-85ED-5A2D28EC9916}
		{3A438689-DED4-4310-A945-5EE704F3537F} = {175EE48E-EFCC-4F22-85ED-5A2D28EC9916}
	EndGlobalSection
	GlobalSection(ExtensibilityGlobals) = postSolution
		SolutionGuid = {2CAE6681-8D32-4B74-8C52-A3BD626D4DD9}
	EndGlobalSection
EndGlobal
