
Microsoft Visual Studio Solution File, Format Version 12.00
# Visual Studio 15
VisualStudioVersion = 15.0.28010.2019
MinimumVisualStudioVersion = 10.0.40219.1
Project("{9A19103F-16F7-4668-BE54-9A1E7A4F7556}") = "Scz.Common", "Scz.Common\Scz.Common.csproj", "{5D95AFED-3F9E-4526-8BB5-50B1006A1842}"
EndProject
Project("{9A19103F-16F7-4668-BE54-9A1E7A4F7556}") = "Scz.WebApi", "Scz.WebApi\Scz.WebApi.csproj", "{BE40E79B-0F97-47EE-84CF-FC3D5FC3D35B}"
EndProject
Project("{9A19103F-16F7-4668-BE54-9A1E7A4F7556}") = "Scz.WebApi2", "Scz.WebApi2\Scz.WebApi2.csproj", "{BAF442DD-91EC-4756-B766-224369F6DFD2}"
EndProject
Project("{2150E333-8FDC-42A3-9474-1A3956D46DE8}") = "01 UI", "01 UI", "{D18A3C4D-D5D3-4D61-B82E-AE348237FF53}"
EndProject
Project("{2150E333-8FDC-42A3-9474-1A3956D46DE8}") = "02 Application Service", "02 Application Service", "{B0887A47-1730-4224-9AE7-24598CEBF214}"
EndProject
Project("{2150E333-8FDC-42A3-9474-1A3956D46DE8}") = "03 Domain", "03 Domain", "{175EE48E-EFCC-4F22-85ED-5A2D28EC9916}"
EndProject
Project("{2150E333-8FDC-42A3-9474-1A3956D46DE8}") = "04 Infrastructure", "04 Infrastructure", "{C501D509-F4F2-4F33-A3BD-B5B9C91F14CE}"
EndProject
Project("{9A19103F-16F7-4668-BE54-9A1E7A4F7556}") = "Scz.Web", "Scz.Web\Scz.Web.csproj", "{300F1A29-BCF4-4EE6-9CD3-CCB061B2D51D}"
EndProject
Project("{9A19103F-16F7-4668-BE54-9A1E7A4F7556}") = "Scz.ConsoleApp", "Scz.ConsoleApp\Scz.ConsoleApp.csproj", "{DB24E7A3-0E87-48FB-9381-5BCEFE167748}"
EndProject
Project("{2150E333-8FDC-42A3-9474-1A3956D46DE8}") = "05 设计模式", "05 设计模式", "{241C9D22-973C-4089-B45B-4B6131B6E8EE}"
	ProjectSection(SolutionItems) = preProject
		常用设计模式.txt = 常用设计模式.txt
		Scz.DesignPattern\文档\设计模式.jpg = Scz.DesignPattern\文档\设计模式.jpg
	EndProjectSection
EndProject
Project("{9A19103F-16F7-4668-BE54-9A1E7A4F7556}") = "Scz.DesignPattern.Singleton", "Scz.DesignPattern.Singleton\Scz.DesignPattern.Singleton.csproj", "{ABA7A4FE-45E5-4DA2-87FC-A4248C0ED81A}"
EndProject
Project("{2150E333-8FDC-42A3-9474-1A3956D46DE8}") = "06 测试", "06 测试", "{B772DE5E-FE28-475D-A332-391AF6CF4299}"
EndProject
Project("{9A19103F-16F7-4668-BE54-9A1E7A4F7556}") = "Scz.Test", "Scz.Test\Scz.Test.csproj", "{F2A43A0C-B8F4-4E42-902E-4E36E815CAAD}"
EndProject
Project("{FAE04EC0-301F-11D3-BF4B-00C04F79EFBC}") = "ConsoleApp", "ConsoleApp\ConsoleApp.csproj", "{ADA3677F-B560-4D36-B409-1E99F14BD4FA}"
EndProject
Project("{FAE04EC0-301F-11D3-BF4B-00C04F79EFBC}") = "Scz.DesignPattern", "Scz.DesignPattern\Scz.DesignPattern.csproj", "{432C09D9-8636-4EC3-805E-1DB0C3557F5E}"
EndProject
Project("{2150E333-8FDC-42A3-9474-1A3956D46DE8}") = "控制台", "控制台", "{118B1A74-7336-4EFC-AB68-A1E091DA8240}"
EndProject
Project("{9A19103F-16F7-4668-BE54-9A1E7A4F7556}") = "Scz.Domain", "Scz.Domain\Scz.Domain.csproj", "{D21CF67F-E891-4E14-B1F0-F6BDF64CC3CC}"
EndProject
Project("{9A19103F-16F7-4668-BE54-9A1E7A4F7556}") = "Scz.Application", "Scz.Application\Scz.Application.csproj", "{88A28A1F-EF54-4223-9A76-EA0E25479919}"
EndProject
Project("{9A19103F-16F7-4668-BE54-9A1E7A4F7556}") = "Scz.EntityFrameworkCore", "Scz.EntityFrameworkCore\Scz.EntityFrameworkCore.csproj", "{6EE63522-0FAE-49B7-8769-6C45BC54561A}"
EndProject
Project("{9A19103F-16F7-4668-BE54-9A1E7A4F7556}") = "Scz.DesignPattern.Adapter", "Scz.DesignPattern.Adapter\Scz.DesignPattern.Adapter.csproj", "{48BCFB5A-33C5-4C70-B0F4-7E1B84E1138E}"
EndProject
Project("{9A19103F-16F7-4668-BE54-9A1E7A4F7556}") = "Scz.DesignPattern.DelegationMode", "Scz.DesignPattern.DelegationModel\Scz.DesignPattern.DelegationMode.csproj", "{934BE65E-29B5-4E92-967C-08BBFFB40B72}"
EndProject
Project("{9A19103F-16F7-4668-BE54-9A1E7A4F7556}") = "Scz.DesignPattern.Strategy", "Scz.DesignPattern.Strategy\Scz.DesignPattern.Strategy.csproj", "{F73CDCF4-5BC9-4036-86A5-AD4AED2E9B62}"
EndProject
Project("{9A19103F-16F7-4668-BE54-9A1E7A4F7556}") = "Scz.DesignPattern.Proxy", "Scz.DesignPattern.Proxy\Scz.DesignPattern.Proxy.csproj", "{BD421D9C-4261-4FAD-BD52-56B4B4902AE2}"
EndProject
Project("{9A19103F-16F7-4668-BE54-9A1E7A4F7556}") = "Scz.DesignPattern.FactoryMethod", "Scz.DesignPattern.FactoryMethod\Scz.DesignPattern.FactoryMethod.csproj", "{E64C2BE4-24D0-484E-B335-C3410D10E18D}"
EndProject
Project("{2150E333-8FDC-42A3-9474-1A3956D46DE8}") = "创建型", "创建型", "{1AC9D60C-CB82-46B9-8AB9-BADAF4FD8126}"
	ProjectSection(SolutionItems) = preProject
		创建型重点.txt = 创建型重点.txt
	EndProjectSection
EndProject
Project("{2150E333-8FDC-42A3-9474-1A3956D46DE8}") = "结构型", "结构型", "{12A3B4F0-8B16-4D95-84B7-81604886D534}"
	ProjectSection(SolutionItems) = preProject
		结构型重点.txt = 结构型重点.txt
	EndProjectSection
EndProject
Project("{2150E333-8FDC-42A3-9474-1A3956D46DE8}") = "行为型", "行为型", "{F571C638-229A-450C-BDC5-2FFD87ACF7C5}"
	ProjectSection(SolutionItems) = preProject
		Scz.DesignPattern\文档\行为型模式.txt = Scz.DesignPattern\文档\行为型模式.txt
		行为型重点.txt = 行为型重点.txt
	EndProjectSection
EndProject
Project("{9A19103F-16F7-4668-BE54-9A1E7A4F7556}") = "Scz.DesignPattern.Builder", "Scz.DesignPattern.Builder\Scz.DesignPattern.Builder.csproj", "{7DC3C595-8F39-48F3-82A7-AD42266F2A8D}"
EndProject
Project("{9A19103F-16F7-4668-BE54-9A1E7A4F7556}") = "Scz.DesignPattern.Prototype", "Scz.DesignPattern.Prototype\Scz.DesignPattern.Prototype.csproj", "{E99F82C4-F7D3-448B-A048-42DF1A228F37}"
EndProject
Project("{9A19103F-16F7-4668-BE54-9A1E7A4F7556}") = "Scz.DesignPattern.AbstractFactory", "Scz.DesignPattern.AbstractFactory\Scz.DesignPattern.AbstractFactory.csproj", "{B0E976CB-AE0E-4C83-B6CD-56723E949508}"
EndProject
Project("{9A19103F-16F7-4668-BE54-9A1E7A4F7556}") = "Scz.DesignPattern.Bridge", "Scz.DesignPattern.Bridge\Scz.DesignPattern.Bridge.csproj", "{424A4475-9D2C-4148-8776-24C7E35375CF}"
EndProject
Project("{9A19103F-16F7-4668-BE54-9A1E7A4F7556}") = "Scz.DesignPattern.Facade", "Scz.DesignPattern.Facade\Scz.DesignPattern.Facade.csproj", "{6F41D7CA-D0C6-46CA-BEA7-12A9114B7509}"
EndProject
Project("{9A19103F-16F7-4668-BE54-9A1E7A4F7556}") = "Scz.DesignPattern.Decorator", "Scz.DesignPattern.Decorator\Scz.DesignPattern.Decorator.csproj", "{93D1A4A5-733F-46A2-9F6D-270106144D29}"
EndProject
Project("{9A19103F-16F7-4668-BE54-9A1E7A4F7556}") = "Scz.DesignPattern.Composite", "Scz.DesignPattern.Composite\Scz.DesignPattern.Composite.csproj", "{55A1FB2D-A740-4E3E-A3F3-CA1A9B581C89}"
EndProject
Project("{9A19103F-16F7-4668-BE54-9A1E7A4F7556}") = "Scz.DesignPattern.Flyweight", "Scz.DesignPattern.Flyweight\Scz.DesignPattern.Flyweight.csproj", "{0B976B05-4D0F-4A3D-ADCA-B02322AE7D01}"
EndProject
Project("{9A19103F-16F7-4668-BE54-9A1E7A4F7556}") = "Scz.DesignPattern.TemplateMethod", "Scz.DesignPattern.TemplateMethod\Scz.DesignPattern.TemplateMethod.csproj", "{2543CB28-5B26-4550-A945-FED7390CB705}"
EndProject
Project("{9A19103F-16F7-4668-BE54-9A1E7A4F7556}") = "Scz.DesignPattern.Command", "Scz.DesignPattern.Command\Scz.DesignPattern.Command.csproj", "{2069A14F-A1E6-417E-9478-A2BB09445719}"
EndProject
Project("{9A19103F-16F7-4668-BE54-9A1E7A4F7556}") = "Scz.DesignPattern.Observer", "Scz.DesignPattern.Observer\Scz.DesignPattern.Observer.csproj", "{FE4208BA-F8A7-438D-8C7C-0E816CD1F8D7}"
EndProject
Project("{9A19103F-16F7-4668-BE54-9A1E7A4F7556}") = "Scz.DesignPattern.Iterator", "Scz.DesignPattern.Iterator\Scz.DesignPattern.Iterator.csproj", "{6C027B37-9C9F-4629-BC9D-BBEDBBA4AAA5}"
EndProject
Project("{9A19103F-16F7-4668-BE54-9A1E7A4F7556}") = "Scz.DesignPattern.Mediator", "Scz.DesignPattern.Mediator\Scz.DesignPattern.Mediator.csproj", "{E2E5F017-06E0-446E-B696-0848676D7B1D}"
EndProject
Project("{9A19103F-16F7-4668-BE54-9A1E7A4F7556}") = "Scz.DesignPattern.State", "Scz.DesignPattern.State\Scz.DesignPattern.State.csproj", "{57AB9041-8710-4C3E-8BC1-C74B1F02E7FC}"
EndProject
Project("{9A19103F-16F7-4668-BE54-9A1E7A4F7556}") = "Scz.DesignPattern.ChainOfResponsibility", "Scz.DesignPattern.ChainOfResponsibility\Scz.DesignPattern.ChainOfResponsibility.csproj", "{2B2DE20E-885F-4484-8952-353035C3DBF8}"
EndProject
Project("{9A19103F-16F7-4668-BE54-9A1E7A4F7556}") = "Scz.DesignPattern.Visitor", "Scz.DesignPattern.Visitor\Scz.DesignPattern.Visitor.csproj", "{2CCFDE25-F3AF-4671-8502-5717CF0EC14B}"
EndProject
Project("{9A19103F-16F7-4668-BE54-9A1E7A4F7556}") = "Scz.DesignPattern.Memento", "Scz.DesignPattern.Memento\Scz.DesignPattern.Memento.csproj", "{36AC7CA8-77CE-4106-8464-849F318B6FAE}"
EndProject
Project("{9A19103F-16F7-4668-BE54-9A1E7A4F7556}") = "Scz.DesignPattern.Interpreter", "Scz.DesignPattern.Interpreter\Scz.DesignPattern.Interpreter.csproj", "{C9E09A57-27CB-4B42-8C3F-BEB97D9F37DF}"
EndProject
Project("{9A19103F-16F7-4668-BE54-9A1E7A4F7556}") = "Scz.MigrationsDemo", "Scz.MigrationsDemo\Scz.MigrationsDemo.csproj", "{7717B0DE-A1D8-4D1B-BADC-7A0FBAE5132D}"
EndProject
Project("{FAE04EC0-301F-11D3-BF4B-00C04F79EFBC}") = "Scz.DesignPattern.SimpleFactory", "Scz.DesignPattern.SimpleFactory\Scz.DesignPattern.SimpleFactory.csproj", "{8D3DA067-1D25-4D49-871C-2A820DFE23AC}"
EndProject
Global
	GlobalSection(SolutionConfigurationPlatforms) = preSolution
		Debug|Any CPU = Debug|Any CPU
		Debug|x86 = Debug|x86
		Release|Any CPU = Release|Any CPU
		Release|x86 = Release|x86
	EndGlobalSection
	GlobalSection(ProjectConfigurationPlatforms) = postSolution
		{5D95AFED-3F9E-4526-8BB5-50B1006A1842}.Debug|Any CPU.ActiveCfg = Debug|Any CPU
		{5D95AFED-3F9E-4526-8BB5-50B1006A1842}.Debug|Any CPU.Build.0 = Debug|Any CPU
		{5D95AFED-3F9E-4526-8BB5-50B1006A1842}.Debug|x86.ActiveCfg = Debug|Any CPU
		{5D95AFED-3F9E-4526-8BB5-50B1006A1842}.Debug|x86.Build.0 = Debug|Any CPU
		{5D95AFED-3F9E-4526-8BB5-50B1006A1842}.Release|Any CPU.ActiveCfg = Release|Any CPU
		{5D95AFED-3F9E-4526-8BB5-50B1006A1842}.Release|Any CPU.Build.0 = Release|Any CPU
		{5D95AFED-3F9E-4526-8BB5-50B1006A1842}.Release|x86.ActiveCfg = Release|Any CPU
		{5D95AFED-3F9E-4526-8BB5-50B1006A1842}.Release|x86.Build.0 = Release|Any CPU
		{BE40E79B-0F97-47EE-84CF-FC3D5FC3D35B}.Debug|Any CPU.ActiveCfg = Debug|Any CPU
		{BE40E79B-0F97-47EE-84CF-FC3D5FC3D35B}.Debug|Any CPU.Build.0 = Debug|Any CPU
		{BE40E79B-0F97-47EE-84CF-FC3D5FC3D35B}.Debug|x86.ActiveCfg = Debug|Any CPU
		{BE40E79B-0F97-47EE-84CF-FC3D5FC3D35B}.Debug|x86.Build.0 = Debug|Any CPU
		{BE40E79B-0F97-47EE-84CF-FC3D5FC3D35B}.Release|Any CPU.ActiveCfg = Release|Any CPU
		{BE40E79B-0F97-47EE-84CF-FC3D5FC3D35B}.Release|Any CPU.Build.0 = Release|Any CPU
		{BE40E79B-0F97-47EE-84CF-FC3D5FC3D35B}.Release|x86.ActiveCfg = Release|Any CPU
		{BE40E79B-0F97-47EE-84CF-FC3D5FC3D35B}.Release|x86.Build.0 = Release|Any CPU
		{BAF442DD-91EC-4756-B766-224369F6DFD2}.Debug|Any CPU.ActiveCfg = Debug|Any CPU
		{BAF442DD-91EC-4756-B766-224369F6DFD2}.Debug|Any CPU.Build.0 = Debug|Any CPU
		{BAF442DD-91EC-4756-B766-224369F6DFD2}.Debug|x86.ActiveCfg = Debug|Any CPU
		{BAF442DD-91EC-4756-B766-224369F6DFD2}.Debug|x86.Build.0 = Debug|Any CPU
		{BAF442DD-91EC-4756-B766-224369F6DFD2}.Release|Any CPU.ActiveCfg = Release|Any CPU
		{BAF442DD-91EC-4756-B766-224369F6DFD2}.Release|Any CPU.Build.0 = Release|Any CPU
		{BAF442DD-91EC-4756-B766-224369F6DFD2}.Release|x86.ActiveCfg = Release|Any CPU
		{BAF442DD-91EC-4756-B766-224369F6DFD2}.Release|x86.Build.0 = Release|Any CPU
		{300F1A29-BCF4-4EE6-9CD3-CCB061B2D51D}.Debug|Any CPU.ActiveCfg = Debug|Any CPU
		{300F1A29-BCF4-4EE6-9CD3-CCB061B2D51D}.Debug|Any CPU.Build.0 = Debug|Any CPU
		{300F1A29-BCF4-4EE6-9CD3-CCB061B2D51D}.Debug|x86.ActiveCfg = Debug|Any CPU
		{300F1A29-BCF4-4EE6-9CD3-CCB061B2D51D}.Debug|x86.Build.0 = Debug|Any CPU
		{300F1A29-BCF4-4EE6-9CD3-CCB061B2D51D}.Release|Any CPU.ActiveCfg = Release|Any CPU
		{300F1A29-BCF4-4EE6-9CD3-CCB061B2D51D}.Release|Any CPU.Build.0 = Release|Any CPU
		{300F1A29-BCF4-4EE6-9CD3-CCB061B2D51D}.Release|x86.ActiveCfg = Release|Any CPU
		{300F1A29-BCF4-4EE6-9CD3-CCB061B2D51D}.Release|x86.Build.0 = Release|Any CPU
		{DB24E7A3-0E87-48FB-9381-5BCEFE167748}.Debug|Any CPU.ActiveCfg = Debug|Any CPU
		{DB24E7A3-0E87-48FB-9381-5BCEFE167748}.Debug|Any CPU.Build.0 = Debug|Any CPU
		{DB24E7A3-0E87-48FB-9381-5BCEFE167748}.Debug|x86.ActiveCfg = Debug|Any CPU
		{DB24E7A3-0E87-48FB-9381-5BCEFE167748}.Debug|x86.Build.0 = Debug|Any CPU
		{DB24E7A3-0E87-48FB-9381-5BCEFE167748}.Release|Any CPU.ActiveCfg = Release|Any CPU
		{DB24E7A3-0E87-48FB-9381-5BCEFE167748}.Release|Any CPU.Build.0 = Release|Any CPU
		{DB24E7A3-0E87-48FB-9381-5BCEFE167748}.Release|x86.ActiveCfg = Release|Any CPU
		{DB24E7A3-0E87-48FB-9381-5BCEFE167748}.Release|x86.Build.0 = Release|Any CPU
		{ABA7A4FE-45E5-4DA2-87FC-A4248C0ED81A}.Debug|Any CPU.ActiveCfg = Debug|Any CPU
		{ABA7A4FE-45E5-4DA2-87FC-A4248C0ED81A}.Debug|Any CPU.Build.0 = Debug|Any CPU
		{ABA7A4FE-45E5-4DA2-87FC-A4248C0ED81A}.Debug|x86.ActiveCfg = Debug|Any CPU
		{ABA7A4FE-45E5-4DA2-87FC-A4248C0ED81A}.Debug|x86.Build.0 = Debug|Any CPU
		{ABA7A4FE-45E5-4DA2-87FC-A4248C0ED81A}.Release|Any CPU.ActiveCfg = Release|Any CPU
		{ABA7A4FE-45E5-4DA2-87FC-A4248C0ED81A}.Release|Any CPU.Build.0 = Release|Any CPU
		{ABA7A4FE-45E5-4DA2-87FC-A4248C0ED81A}.Release|x86.ActiveCfg = Release|Any CPU
		{ABA7A4FE-45E5-4DA2-87FC-A4248C0ED81A}.Release|x86.Build.0 = Release|Any CPU
		{F2A43A0C-B8F4-4E42-902E-4E36E815CAAD}.Debug|Any CPU.ActiveCfg = Debug|Any CPU
		{F2A43A0C-B8F4-4E42-902E-4E36E815CAAD}.Debug|Any CPU.Build.0 = Debug|Any CPU
		{F2A43A0C-B8F4-4E42-902E-4E36E815CAAD}.Debug|x86.ActiveCfg = Debug|Any CPU
		{F2A43A0C-B8F4-4E42-902E-4E36E815CAAD}.Debug|x86.Build.0 = Debug|Any CPU
		{F2A43A0C-B8F4-4E42-902E-4E36E815CAAD}.Release|Any CPU.ActiveCfg = Release|Any CPU
		{F2A43A0C-B8F4-4E42-902E-4E36E815CAAD}.Release|Any CPU.Build.0 = Release|Any CPU
		{F2A43A0C-B8F4-4E42-902E-4E36E815CAAD}.Release|x86.ActiveCfg = Release|Any CPU
		{F2A43A0C-B8F4-4E42-902E-4E36E815CAAD}.Release|x86.Build.0 = Release|Any CPU
		{ADA3677F-B560-4D36-B409-1E99F14BD4FA}.Debug|Any CPU.ActiveCfg = Debug|Any CPU
		{ADA3677F-B560-4D36-B409-1E99F14BD4FA}.Debug|Any CPU.Build.0 = Debug|Any CPU
		{ADA3677F-B560-4D36-B409-1E99F14BD4FA}.Debug|x86.ActiveCfg = Debug|x86
		{ADA3677F-B560-4D36-B409-1E99F14BD4FA}.Debug|x86.Build.0 = Debug|x86
		{ADA3677F-B560-4D36-B409-1E99F14BD4FA}.Release|Any CPU.ActiveCfg = Release|Any CPU
		{ADA3677F-B560-4D36-B409-1E99F14BD4FA}.Release|Any CPU.Build.0 = Release|Any CPU
		{ADA3677F-B560-4D36-B409-1E99F14BD4FA}.Release|x86.ActiveCfg = Release|x86
		{ADA3677F-B560-4D36-B409-1E99F14BD4FA}.Release|x86.Build.0 = Release|x86
		{432C09D9-8636-4EC3-805E-1DB0C3557F5E}.Debug|Any CPU.ActiveCfg = Debug|Any CPU
		{432C09D9-8636-4EC3-805E-1DB0C3557F5E}.Debug|Any CPU.Build.0 = Debug|Any CPU
		{432C09D9-8636-4EC3-805E-1DB0C3557F5E}.Debug|x86.ActiveCfg = Debug|Any CPU
		{432C09D9-8636-4EC3-805E-1DB0C3557F5E}.Debug|x86.Build.0 = Debug|Any CPU
		{432C09D9-8636-4EC3-805E-1DB0C3557F5E}.Release|Any CPU.ActiveCfg = Release|Any CPU
		{432C09D9-8636-4EC3-805E-1DB0C3557F5E}.Release|Any CPU.Build.0 = Release|Any CPU
		{432C09D9-8636-4EC3-805E-1DB0C3557F5E}.Release|x86.ActiveCfg = Release|Any CPU
		{432C09D9-8636-4EC3-805E-1DB0C3557F5E}.Release|x86.Build.0 = Release|Any CPU
		{D21CF67F-E891-4E14-B1F0-F6BDF64CC3CC}.Debug|Any CPU.ActiveCfg = Debug|Any CPU
		{D21CF67F-E891-4E14-B1F0-F6BDF64CC3CC}.Debug|Any CPU.Build.0 = Debug|Any CPU
		{D21CF67F-E891-4E14-B1F0-F6BDF64CC3CC}.Debug|x86.ActiveCfg = Debug|Any CPU
		{D21CF67F-E891-4E14-B1F0-F6BDF64CC3CC}.Debug|x86.Build.0 = Debug|Any CPU
		{D21CF67F-E891-4E14-B1F0-F6BDF64CC3CC}.Release|Any CPU.ActiveCfg = Release|Any CPU
		{D21CF67F-E891-4E14-B1F0-F6BDF64CC3CC}.Release|Any CPU.Build.0 = Release|Any CPU
		{D21CF67F-E891-4E14-B1F0-F6BDF64CC3CC}.Release|x86.ActiveCfg = Release|Any CPU
		{D21CF67F-E891-4E14-B1F0-F6BDF64CC3CC}.Release|x86.Build.0 = Release|Any CPU
		{88A28A1F-EF54-4223-9A76-EA0E25479919}.Debug|Any CPU.ActiveCfg = Debug|Any CPU
		{88A28A1F-EF54-4223-9A76-EA0E25479919}.Debug|Any CPU.Build.0 = Debug|Any CPU
		{88A28A1F-EF54-4223-9A76-EA0E25479919}.Debug|x86.ActiveCfg = Debug|Any CPU
		{88A28A1F-EF54-4223-9A76-EA0E25479919}.Debug|x86.Build.0 = Debug|Any CPU
		{88A28A1F-EF54-4223-9A76-EA0E25479919}.Release|Any CPU.ActiveCfg = Release|Any CPU
		{88A28A1F-EF54-4223-9A76-EA0E25479919}.Release|Any CPU.Build.0 = Release|Any CPU
		{88A28A1F-EF54-4223-9A76-EA0E25479919}.Release|x86.ActiveCfg = Release|Any CPU
		{88A28A1F-EF54-4223-9A76-EA0E25479919}.Release|x86.Build.0 = Release|Any CPU
		{6EE63522-0FAE-49B7-8769-6C45BC54561A}.Debug|Any CPU.ActiveCfg = Debug|Any CPU
		{6EE63522-0FAE-49B7-8769-6C45BC54561A}.Debug|Any CPU.Build.0 = Debug|Any CPU
		{6EE63522-0FAE-49B7-8769-6C45BC54561A}.Debug|x86.ActiveCfg = Debug|Any CPU
		{6EE63522-0FAE-49B7-8769-6C45BC54561A}.Debug|x86.Build.0 = Debug|Any CPU
		{6EE63522-0FAE-49B7-8769-6C45BC54561A}.Release|Any CPU.ActiveCfg = Release|Any CPU
		{6EE63522-0FAE-49B7-8769-6C45BC54561A}.Release|Any CPU.Build.0 = Release|Any CPU
		{6EE63522-0FAE-49B7-8769-6C45BC54561A}.Release|x86.ActiveCfg = Release|Any CPU
		{6EE63522-0FAE-49B7-8769-6C45BC54561A}.Release|x86.Build.0 = Release|Any CPU
		{48BCFB5A-33C5-4C70-B0F4-7E1B84E1138E}.Debug|Any CPU.ActiveCfg = Debug|Any CPU
		{48BCFB5A-33C5-4C70-B0F4-7E1B84E1138E}.Debug|Any CPU.Build.0 = Debug|Any CPU
		{48BCFB5A-33C5-4C70-B0F4-7E1B84E1138E}.Debug|x86.ActiveCfg = Debug|Any CPU
		{48BCFB5A-33C5-4C70-B0F4-7E1B84E1138E}.Debug|x86.Build.0 = Debug|Any CPU
		{48BCFB5A-33C5-4C70-B0F4-7E1B84E1138E}.Release|Any CPU.ActiveCfg = Release|Any CPU
		{48BCFB5A-33C5-4C70-B0F4-7E1B84E1138E}.Release|Any CPU.Build.0 = Release|Any CPU
		{48BCFB5A-33C5-4C70-B0F4-7E1B84E1138E}.Release|x86.ActiveCfg = Release|Any CPU
		{48BCFB5A-33C5-4C70-B0F4-7E1B84E1138E}.Release|x86.Build.0 = Release|Any CPU
		{934BE65E-29B5-4E92-967C-08BBFFB40B72}.Debug|Any CPU.ActiveCfg = Debug|Any CPU
		{934BE65E-29B5-4E92-967C-08BBFFB40B72}.Debug|Any CPU.Build.0 = Debug|Any CPU
		{934BE65E-29B5-4E92-967C-08BBFFB40B72}.Debug|x86.ActiveCfg = Debug|Any CPU
		{934BE65E-29B5-4E92-967C-08BBFFB40B72}.Debug|x86.Build.0 = Debug|Any CPU
		{934BE65E-29B5-4E92-967C-08BBFFB40B72}.Release|Any CPU.ActiveCfg = Release|Any CPU
		{934BE65E-29B5-4E92-967C-08BBFFB40B72}.Release|Any CPU.Build.0 = Release|Any CPU
		{934BE65E-29B5-4E92-967C-08BBFFB40B72}.Release|x86.ActiveCfg = Release|Any CPU
		{934BE65E-29B5-4E92-967C-08BBFFB40B72}.Release|x86.Build.0 = Release|Any CPU
		{F73CDCF4-5BC9-4036-86A5-AD4AED2E9B62}.Debug|Any CPU.ActiveCfg = Debug|Any CPU
		{F73CDCF4-5BC9-4036-86A5-AD4AED2E9B62}.Debug|Any CPU.Build.0 = Debug|Any CPU
		{F73CDCF4-5BC9-4036-86A5-AD4AED2E9B62}.Debug|x86.ActiveCfg = Debug|Any CPU
		{F73CDCF4-5BC9-4036-86A5-AD4AED2E9B62}.Debug|x86.Build.0 = Debug|Any CPU
		{F73CDCF4-5BC9-4036-86A5-AD4AED2E9B62}.Release|Any CPU.ActiveCfg = Release|Any CPU
		{F73CDCF4-5BC9-4036-86A5-AD4AED2E9B62}.Release|Any CPU.Build.0 = Release|Any CPU
		{F73CDCF4-5BC9-4036-86A5-AD4AED2E9B62}.Release|x86.ActiveCfg = Release|Any CPU
		{F73CDCF4-5BC9-4036-86A5-AD4AED2E9B62}.Release|x86.Build.0 = Release|Any CPU
		{BD421D9C-4261-4FAD-BD52-56B4B4902AE2}.Debug|Any CPU.ActiveCfg = Debug|Any CPU
		{BD421D9C-4261-4FAD-BD52-56B4B4902AE2}.Debug|Any CPU.Build.0 = Debug|Any CPU
		{BD421D9C-4261-4FAD-BD52-56B4B4902AE2}.Debug|x86.ActiveCfg = Debug|Any CPU
		{BD421D9C-4261-4FAD-BD52-56B4B4902AE2}.Debug|x86.Build.0 = Debug|Any CPU
		{BD421D9C-4261-4FAD-BD52-56B4B4902AE2}.Release|Any CPU.ActiveCfg = Release|Any CPU
		{BD421D9C-4261-4FAD-BD52-56B4B4902AE2}.Release|Any CPU.Build.0 = Release|Any CPU
		{BD421D9C-4261-4FAD-BD52-56B4B4902AE2}.Release|x86.ActiveCfg = Release|Any CPU
		{BD421D9C-4261-4FAD-BD52-56B4B4902AE2}.Release|x86.Build.0 = Release|Any CPU
		{E64C2BE4-24D0-484E-B335-C3410D10E18D}.Debug|Any CPU.ActiveCfg = Debug|Any CPU
		{E64C2BE4-24D0-484E-B335-C3410D10E18D}.Debug|Any CPU.Build.0 = Debug|Any CPU
		{E64C2BE4-24D0-484E-B335-C3410D10E18D}.Debug|x86.ActiveCfg = Debug|Any CPU
		{E64C2BE4-24D0-484E-B335-C3410D10E18D}.Debug|x86.Build.0 = Debug|Any CPU
		{E64C2BE4-24D0-484E-B335-C3410D10E18D}.Release|Any CPU.ActiveCfg = Release|Any CPU
		{E64C2BE4-24D0-484E-B335-C3410D10E18D}.Release|Any CPU.Build.0 = Release|Any CPU
		{E64C2BE4-24D0-484E-B335-C3410D10E18D}.Release|x86.ActiveCfg = Release|Any CPU
		{E64C2BE4-24D0-484E-B335-C3410D10E18D}.Release|x86.Build.0 = Release|Any CPU
		{7DC3C595-8F39-48F3-82A7-AD42266F2A8D}.Debug|Any CPU.ActiveCfg = Debug|Any CPU
		{7DC3C595-8F39-48F3-82A7-AD42266F2A8D}.Debug|Any CPU.Build.0 = Debug|Any CPU
		{7DC3C595-8F39-48F3-82A7-AD42266F2A8D}.Debug|x86.ActiveCfg = Debug|Any CPU
		{7DC3C595-8F39-48F3-82A7-AD42266F2A8D}.Debug|x86.Build.0 = Debug|Any CPU
		{7DC3C595-8F39-48F3-82A7-AD42266F2A8D}.Release|Any CPU.ActiveCfg = Release|Any CPU
		{7DC3C595-8F39-48F3-82A7-AD42266F2A8D}.Release|Any CPU.Build.0 = Release|Any CPU
		{7DC3C595-8F39-48F3-82A7-AD42266F2A8D}.Release|x86.ActiveCfg = Release|Any CPU
		{7DC3C595-8F39-48F3-82A7-AD42266F2A8D}.Release|x86.Build.0 = Release|Any CPU
		{E99F82C4-F7D3-448B-A048-42DF1A228F37}.Debug|Any CPU.ActiveCfg = Debug|Any CPU
		{E99F82C4-F7D3-448B-A048-42DF1A228F37}.Debug|Any CPU.Build.0 = Debug|Any CPU
		{E99F82C4-F7D3-448B-A048-42DF1A228F37}.Debug|x86.ActiveCfg = Debug|Any CPU
		{E99F82C4-F7D3-448B-A048-42DF1A228F37}.Debug|x86.Build.0 = Debug|Any CPU
		{E99F82C4-F7D3-448B-A048-42DF1A228F37}.Release|Any CPU.ActiveCfg = Release|Any CPU
		{E99F82C4-F7D3-448B-A048-42DF1A228F37}.Release|Any CPU.Build.0 = Release|Any CPU
		{E99F82C4-F7D3-448B-A048-42DF1A228F37}.Release|x86.ActiveCfg = Release|Any CPU
		{E99F82C4-F7D3-448B-A048-42DF1A228F37}.Release|x86.Build.0 = Release|Any CPU
		{B0E976CB-AE0E-4C83-B6CD-56723E949508}.Debug|Any CPU.ActiveCfg = Debug|Any CPU
		{B0E976CB-AE0E-4C83-B6CD-56723E949508}.Debug|Any CPU.Build.0 = Debug|Any CPU
		{B0E976CB-AE0E-4C83-B6CD-56723E949508}.Debug|x86.ActiveCfg = Debug|Any CPU
		{B0E976CB-AE0E-4C83-B6CD-56723E949508}.Debug|x86.Build.0 = Debug|Any CPU
		{B0E976CB-AE0E-4C83-B6CD-56723E949508}.Release|Any CPU.ActiveCfg = Release|Any CPU
		{B0E976CB-AE0E-4C83-B6CD-56723E949508}.Release|Any CPU.Build.0 = Release|Any CPU
		{B0E976CB-AE0E-4C83-B6CD-56723E949508}.Release|x86.ActiveCfg = Release|Any CPU
		{B0E976CB-AE0E-4C83-B6CD-56723E949508}.Release|x86.Build.0 = Release|Any CPU
		{424A4475-9D2C-4148-8776-24C7E35375CF}.Debug|Any CPU.ActiveCfg = Debug|Any CPU
		{424A4475-9D2C-4148-8776-24C7E35375CF}.Debug|Any CPU.Build.0 = Debug|Any CPU
		{424A4475-9D2C-4148-8776-24C7E35375CF}.Debug|x86.ActiveCfg = Debug|Any CPU
		{424A4475-9D2C-4148-8776-24C7E35375CF}.Debug|x86.Build.0 = Debug|Any CPU
		{424A4475-9D2C-4148-8776-24C7E35375CF}.Release|Any CPU.ActiveCfg = Release|Any CPU
		{424A4475-9D2C-4148-8776-24C7E35375CF}.Release|Any CPU.Build.0 = Release|Any CPU
		{424A4475-9D2C-4148-8776-24C7E35375CF}.Release|x86.ActiveCfg = Release|Any CPU
		{424A4475-9D2C-4148-8776-24C7E35375CF}.Release|x86.Build.0 = Release|Any CPU
		{6F41D7CA-D0C6-46CA-BEA7-12A9114B7509}.Debug|Any CPU.ActiveCfg = Debug|Any CPU
		{6F41D7CA-D0C6-46CA-BEA7-12A9114B7509}.Debug|Any CPU.Build.0 = Debug|Any CPU
		{6F41D7CA-D0C6-46CA-BEA7-12A9114B7509}.Debug|x86.ActiveCfg = Debug|Any CPU
		{6F41D7CA-D0C6-46CA-BEA7-12A9114B7509}.Debug|x86.Build.0 = Debug|Any CPU
		{6F41D7CA-D0C6-46CA-BEA7-12A9114B7509}.Release|Any CPU.ActiveCfg = Release|Any CPU
		{6F41D7CA-D0C6-46CA-BEA7-12A9114B7509}.Release|Any CPU.Build.0 = Release|Any CPU
		{6F41D7CA-D0C6-46CA-BEA7-12A9114B7509}.Release|x86.ActiveCfg = Release|Any CPU
		{6F41D7CA-D0C6-46CA-BEA7-12A9114B7509}.Release|x86.Build.0 = Release|Any CPU
		{93D1A4A5-733F-46A2-9F6D-270106144D29}.Debug|Any CPU.ActiveCfg = Debug|Any CPU
		{93D1A4A5-733F-46A2-9F6D-270106144D29}.Debug|Any CPU.Build.0 = Debug|Any CPU
		{93D1A4A5-733F-46A2-9F6D-270106144D29}.Debug|x86.ActiveCfg = Debug|Any CPU
		{93D1A4A5-733F-46A2-9F6D-270106144D29}.Debug|x86.Build.0 = Debug|Any CPU
		{93D1A4A5-733F-46A2-9F6D-270106144D29}.Release|Any CPU.ActiveCfg = Release|Any CPU
		{93D1A4A5-733F-46A2-9F6D-270106144D29}.Release|Any CPU.Build.0 = Release|Any CPU
		{93D1A4A5-733F-46A2-9F6D-270106144D29}.Release|x86.ActiveCfg = Release|Any CPU
		{93D1A4A5-733F-46A2-9F6D-270106144D29}.Release|x86.Build.0 = Release|Any CPU
		{55A1FB2D-A740-4E3E-A3F3-CA1A9B581C89}.Debug|Any CPU.ActiveCfg = Debug|Any CPU
		{55A1FB2D-A740-4E3E-A3F3-CA1A9B581C89}.Debug|Any CPU.Build.0 = Debug|Any CPU
		{55A1FB2D-A740-4E3E-A3F3-CA1A9B581C89}.Debug|x86.ActiveCfg = Debug|Any CPU
		{55A1FB2D-A740-4E3E-A3F3-CA1A9B581C89}.Debug|x86.Build.0 = Debug|Any CPU
		{55A1FB2D-A740-4E3E-A3F3-CA1A9B581C89}.Release|Any CPU.ActiveCfg = Release|Any CPU
		{55A1FB2D-A740-4E3E-A3F3-CA1A9B581C89}.Release|Any CPU.Build.0 = Release|Any CPU
		{55A1FB2D-A740-4E3E-A3F3-CA1A9B581C89}.Release|x86.ActiveCfg = Release|Any CPU
		{55A1FB2D-A740-4E3E-A3F3-CA1A9B581C89}.Release|x86.Build.0 = Release|Any CPU
		{0B976B05-4D0F-4A3D-ADCA-B02322AE7D01}.Debug|Any CPU.ActiveCfg = Debug|Any CPU
		{0B976B05-4D0F-4A3D-ADCA-B02322AE7D01}.Debug|Any CPU.Build.0 = Debug|Any CPU
		{0B976B05-4D0F-4A3D-ADCA-B02322AE7D01}.Debug|x86.ActiveCfg = Debug|Any CPU
		{0B976B05-4D0F-4A3D-ADCA-B02322AE7D01}.Debug|x86.Build.0 = Debug|Any CPU
		{0B976B05-4D0F-4A3D-ADCA-B02322AE7D01}.Release|Any CPU.ActiveCfg = Release|Any CPU
		{0B976B05-4D0F-4A3D-ADCA-B02322AE7D01}.Release|Any CPU.Build.0 = Release|Any CPU
		{0B976B05-4D0F-4A3D-ADCA-B02322AE7D01}.Release|x86.ActiveCfg = Release|Any CPU
		{0B976B05-4D0F-4A3D-ADCA-B02322AE7D01}.Release|x86.Build.0 = Release|Any CPU
		{2543CB28-5B26-4550-A945-FED7390CB705}.Debug|Any CPU.ActiveCfg = Debug|Any CPU
		{2543CB28-5B26-4550-A945-FED7390CB705}.Debug|Any CPU.Build.0 = Debug|Any CPU
		{2543CB28-5B26-4550-A945-FED7390CB705}.Debug|x86.ActiveCfg = Debug|Any CPU
		{2543CB28-5B26-4550-A945-FED7390CB705}.Debug|x86.Build.0 = Debug|Any CPU
		{2543CB28-5B26-4550-A945-FED7390CB705}.Release|Any CPU.ActiveCfg = Release|Any CPU
		{2543CB28-5B26-4550-A945-FED7390CB705}.Release|Any CPU.Build.0 = Release|Any CPU
		{2543CB28-5B26-4550-A945-FED7390CB705}.Release|x86.ActiveCfg = Release|Any CPU
		{2543CB28-5B26-4550-A945-FED7390CB705}.Release|x86.Build.0 = Release|Any CPU
		{2069A14F-A1E6-417E-9478-A2BB09445719}.Debug|Any CPU.ActiveCfg = Debug|Any CPU
		{2069A14F-A1E6-417E-9478-A2BB09445719}.Debug|Any CPU.Build.0 = Debug|Any CPU
		{2069A14F-A1E6-417E-9478-A2BB09445719}.Debug|x86.ActiveCfg = Debug|Any CPU
		{2069A14F-A1E6-417E-9478-A2BB09445719}.Debug|x86.Build.0 = Debug|Any CPU
		{2069A14F-A1E6-417E-9478-A2BB09445719}.Release|Any CPU.ActiveCfg = Release|Any CPU
		{2069A14F-A1E6-417E-9478-A2BB09445719}.Release|Any CPU.Build.0 = Release|Any CPU
		{2069A14F-A1E6-417E-9478-A2BB09445719}.Release|x86.ActiveCfg = Release|Any CPU
		{2069A14F-A1E6-417E-9478-A2BB09445719}.Release|x86.Build.0 = Release|Any CPU
		{FE4208BA-F8A7-438D-8C7C-0E816CD1F8D7}.Debug|Any CPU.ActiveCfg = Debug|Any CPU
		{FE4208BA-F8A7-438D-8C7C-0E816CD1F8D7}.Debug|Any CPU.Build.0 = Debug|Any CPU
		{FE4208BA-F8A7-438D-8C7C-0E816CD1F8D7}.Debug|x86.ActiveCfg = Debug|Any CPU
		{FE4208BA-F8A7-438D-8C7C-0E816CD1F8D7}.Debug|x86.Build.0 = Debug|Any CPU
		{FE4208BA-F8A7-438D-8C7C-0E816CD1F8D7}.Release|Any CPU.ActiveCfg = Release|Any CPU
		{FE4208BA-F8A7-438D-8C7C-0E816CD1F8D7}.Release|Any CPU.Build.0 = Release|Any CPU
		{FE4208BA-F8A7-438D-8C7C-0E816CD1F8D7}.Release|x86.ActiveCfg = Release|Any CPU
		{FE4208BA-F8A7-438D-8C7C-0E816CD1F8D7}.Release|x86.Build.0 = Release|Any CPU
		{6C027B37-9C9F-4629-BC9D-BBEDBBA4AAA5}.Debug|Any CPU.ActiveCfg = Debug|Any CPU
		{6C027B37-9C9F-4629-BC9D-BBEDBBA4AAA5}.Debug|Any CPU.Build.0 = Debug|Any CPU
		{6C027B37-9C9F-4629-BC9D-BBEDBBA4AAA5}.Debug|x86.ActiveCfg = Debug|Any CPU
		{6C027B37-9C9F-4629-BC9D-BBEDBBA4AAA5}.Debug|x86.Build.0 = Debug|Any CPU
		{6C027B37-9C9F-4629-BC9D-BBEDBBA4AAA5}.Release|Any CPU.ActiveCfg = Release|Any CPU
		{6C027B37-9C9F-4629-BC9D-BBEDBBA4AAA5}.Release|Any CPU.Build.0 = Release|Any CPU
		{6C027B37-9C9F-4629-BC9D-BBEDBBA4AAA5}.Release|x86.ActiveCfg = Release|Any CPU
		{6C027B37-9C9F-4629-BC9D-BBEDBBA4AAA5}.Release|x86.Build.0 = Release|Any CPU
		{E2E5F017-06E0-446E-B696-0848676D7B1D}.Debug|Any CPU.ActiveCfg = Debug|Any CPU
		{E2E5F017-06E0-446E-B696-0848676D7B1D}.Debug|Any CPU.Build.0 = Debug|Any CPU
		{E2E5F017-06E0-446E-B696-0848676D7B1D}.Debug|x86.ActiveCfg = Debug|Any CPU
		{E2E5F017-06E0-446E-B696-0848676D7B1D}.Debug|x86.Build.0 = Debug|Any CPU
		{E2E5F017-06E0-446E-B696-0848676D7B1D}.Release|Any CPU.ActiveCfg = Release|Any CPU
		{E2E5F017-06E0-446E-B696-0848676D7B1D}.Release|Any CPU.Build.0 = Release|Any CPU
		{E2E5F017-06E0-446E-B696-0848676D7B1D}.Release|x86.ActiveCfg = Release|Any CPU
		{E2E5F017-06E0-446E-B696-0848676D7B1D}.Release|x86.Build.0 = Release|Any CPU
		{57AB9041-8710-4C3E-8BC1-C74B1F02E7FC}.Debug|Any CPU.ActiveCfg = Debug|Any CPU
		{57AB9041-8710-4C3E-8BC1-C74B1F02E7FC}.Debug|Any CPU.Build.0 = Debug|Any CPU
		{57AB9041-8710-4C3E-8BC1-C74B1F02E7FC}.Debug|x86.ActiveCfg = Debug|Any CPU
		{57AB9041-8710-4C3E-8BC1-C74B1F02E7FC}.Debug|x86.Build.0 = Debug|Any CPU
		{57AB9041-8710-4C3E-8BC1-C74B1F02E7FC}.Release|Any CPU.ActiveCfg = Release|Any CPU
		{57AB9041-8710-4C3E-8BC1-C74B1F02E7FC}.Release|Any CPU.Build.0 = Release|Any CPU
		{57AB9041-8710-4C3E-8BC1-C74B1F02E7FC}.Release|x86.ActiveCfg = Release|Any CPU
		{57AB9041-8710-4C3E-8BC1-C74B1F02E7FC}.Release|x86.Build.0 = Release|Any CPU
		{2B2DE20E-885F-4484-8952-353035C3DBF8}.Debug|Any CPU.ActiveCfg = Debug|Any CPU
		{2B2DE20E-885F-4484-8952-353035C3DBF8}.Debug|Any CPU.Build.0 = Debug|Any CPU
		{2B2DE20E-885F-4484-8952-353035C3DBF8}.Debug|x86.ActiveCfg = Debug|Any CPU
		{2B2DE20E-885F-4484-8952-353035C3DBF8}.Debug|x86.Build.0 = Debug|Any CPU
		{2B2DE20E-885F-4484-8952-353035C3DBF8}.Release|Any CPU.ActiveCfg = Release|Any CPU
		{2B2DE20E-885F-4484-8952-353035C3DBF8}.Release|Any CPU.Build.0 = Release|Any CPU
		{2B2DE20E-885F-4484-8952-353035C3DBF8}.Release|x86.ActiveCfg = Release|Any CPU
		{2B2DE20E-885F-4484-8952-353035C3DBF8}.Release|x86.Build.0 = Release|Any CPU
		{2CCFDE25-F3AF-4671-8502-5717CF0EC14B}.Debug|Any CPU.ActiveCfg = Debug|Any CPU
		{2CCFDE25-F3AF-4671-8502-5717CF0EC14B}.Debug|Any CPU.Build.0 = Debug|Any CPU
		{2CCFDE25-F3AF-4671-8502-5717CF0EC14B}.Debug|x86.ActiveCfg = Debug|Any CPU
		{2CCFDE25-F3AF-4671-8502-5717CF0EC14B}.Debug|x86.Build.0 = Debug|Any CPU
		{2CCFDE25-F3AF-4671-8502-5717CF0EC14B}.Release|Any CPU.ActiveCfg = Release|Any CPU
		{2CCFDE25-F3AF-4671-8502-5717CF0EC14B}.Release|Any CPU.Build.0 = Release|Any CPU
		{2CCFDE25-F3AF-4671-8502-5717CF0EC14B}.Release|x86.ActiveCfg = Release|Any CPU
		{2CCFDE25-F3AF-4671-8502-5717CF0EC14B}.Release|x86.Build.0 = Release|Any CPU
		{36AC7CA8-77CE-4106-8464-849F318B6FAE}.Debug|Any CPU.ActiveCfg = Debug|Any CPU
		{36AC7CA8-77CE-4106-8464-849F318B6FAE}.Debug|Any CPU.Build.0 = Debug|Any CPU
		{36AC7CA8-77CE-4106-8464-849F318B6FAE}.Debug|x86.ActiveCfg = Debug|Any CPU
		{36AC7CA8-77CE-4106-8464-849F318B6FAE}.Debug|x86.Build.0 = Debug|Any CPU
		{36AC7CA8-77CE-4106-8464-849F318B6FAE}.Release|Any CPU.ActiveCfg = Release|Any CPU
		{36AC7CA8-77CE-4106-8464-849F318B6FAE}.Release|Any CPU.Build.0 = Release|Any CPU
		{36AC7CA8-77CE-4106-8464-849F318B6FAE}.Release|x86.ActiveCfg = Release|Any CPU
		{36AC7CA8-77CE-4106-8464-849F318B6FAE}.Release|x86.Build.0 = Release|Any CPU
		{C9E09A57-27CB-4B42-8C3F-BEB97D9F37DF}.Debug|Any CPU.ActiveCfg = Debug|Any CPU
		{C9E09A57-27CB-4B42-8C3F-BEB97D9F37DF}.Debug|Any CPU.Build.0 = Debug|Any CPU
		{C9E09A57-27CB-4B42-8C3F-BEB97D9F37DF}.Debug|x86.ActiveCfg = Debug|Any CPU
		{C9E09A57-27CB-4B42-8C3F-BEB97D9F37DF}.Debug|x86.Build.0 = Debug|Any CPU
		{C9E09A57-27CB-4B42-8C3F-BEB97D9F37DF}.Release|Any CPU.ActiveCfg = Release|Any CPU
		{C9E09A57-27CB-4B42-8C3F-BEB97D9F37DF}.Release|Any CPU.Build.0 = Release|Any CPU
		{C9E09A57-27CB-4B42-8C3F-BEB97D9F37DF}.Release|x86.ActiveCfg = Release|Any CPU
		{C9E09A57-27CB-4B42-8C3F-BEB97D9F37DF}.Release|x86.Build.0 = Release|Any CPU
		{7717B0DE-A1D8-4D1B-BADC-7A0FBAE5132D}.Debug|Any CPU.ActiveCfg = Debug|Any CPU
		{7717B0DE-A1D8-4D1B-BADC-7A0FBAE5132D}.Debug|Any CPU.Build.0 = Debug|Any CPU
		{7717B0DE-A1D8-4D1B-BADC-7A0FBAE5132D}.Debug|x86.ActiveCfg = Debug|Any CPU
		{7717B0DE-A1D8-4D1B-BADC-7A0FBAE5132D}.Debug|x86.Build.0 = Debug|Any CPU
		{7717B0DE-A1D8-4D1B-BADC-7A0FBAE5132D}.Release|Any CPU.ActiveCfg = Release|Any CPU
		{7717B0DE-A1D8-4D1B-BADC-7A0FBAE5132D}.Release|Any CPU.Build.0 = Release|Any CPU
		{7717B0DE-A1D8-4D1B-BADC-7A0FBAE5132D}.Release|x86.ActiveCfg = Release|Any CPU
		{7717B0DE-A1D8-4D1B-BADC-7A0FBAE5132D}.Release|x86.Build.0 = Release|Any CPU
		{8D3DA067-1D25-4D49-871C-2A820DFE23AC}.Debug|Any CPU.ActiveCfg = Debug|Any CPU
		{8D3DA067-1D25-4D49-871C-2A820DFE23AC}.Debug|Any CPU.Build.0 = Debug|Any CPU
		{8D3DA067-1D25-4D49-871C-2A820DFE23AC}.Debug|x86.ActiveCfg = Debug|Any CPU
		{8D3DA067-1D25-4D49-871C-2A820DFE23AC}.Debug|x86.Build.0 = Debug|Any CPU
		{8D3DA067-1D25-4D49-871C-2A820DFE23AC}.Release|Any CPU.ActiveCfg = Release|Any CPU
		{8D3DA067-1D25-4D49-871C-2A820DFE23AC}.Release|Any CPU.Build.0 = Release|Any CPU
		{8D3DA067-1D25-4D49-871C-2A820DFE23AC}.Release|x86.ActiveCfg = Release|Any CPU
		{8D3DA067-1D25-4D49-871C-2A820DFE23AC}.Release|x86.Build.0 = Release|Any CPU
	EndGlobalSection
	GlobalSection(SolutionProperties) = preSolution
		HideSolutionNode = FALSE
	EndGlobalSection
	GlobalSection(NestedProjects) = preSolution
		{5D95AFED-3F9E-4526-8BB5-50B1006A1842} = {C501D509-F4F2-4F33-A3BD-B5B9C91F14CE}
		{300F1A29-BCF4-4EE6-9CD3-CCB061B2D51D} = {D18A3C4D-D5D3-4D61-B82E-AE348237FF53}
		{DB24E7A3-0E87-48FB-9381-5BCEFE167748} = {118B1A74-7336-4EFC-AB68-A1E091DA8240}
		{ABA7A4FE-45E5-4DA2-87FC-A4248C0ED81A} = {1AC9D60C-CB82-46B9-8AB9-BADAF4FD8126}
		{F2A43A0C-B8F4-4E42-902E-4E36E815CAAD} = {B772DE5E-FE28-475D-A332-391AF6CF4299}
		{ADA3677F-B560-4D36-B409-1E99F14BD4FA} = {118B1A74-7336-4EFC-AB68-A1E091DA8240}
		{432C09D9-8636-4EC3-805E-1DB0C3557F5E} = {241C9D22-973C-4089-B45B-4B6131B6E8EE}
		{D21CF67F-E891-4E14-B1F0-F6BDF64CC3CC} = {175EE48E-EFCC-4F22-85ED-5A2D28EC9916}
		{88A28A1F-EF54-4223-9A76-EA0E25479919} = {B0887A47-1730-4224-9AE7-24598CEBF214}
		{6EE63522-0FAE-49B7-8769-6C45BC54561A} = {C501D509-F4F2-4F33-A3BD-B5B9C91F14CE}
		{48BCFB5A-33C5-4C70-B0F4-7E1B84E1138E} = {12A3B4F0-8B16-4D95-84B7-81604886D534}
		{934BE65E-29B5-4E92-967C-08BBFFB40B72} = {12A3B4F0-8B16-4D95-84B7-81604886D534}
		{F73CDCF4-5BC9-4036-86A5-AD4AED2E9B62} = {F571C638-229A-450C-BDC5-2FFD87ACF7C5}
		{BD421D9C-4261-4FAD-BD52-56B4B4902AE2} = {12A3B4F0-8B16-4D95-84B7-81604886D534}
		{E64C2BE4-24D0-484E-B335-C3410D10E18D} = {1AC9D60C-CB82-46B9-8AB9-BADAF4FD8126}
		{1AC9D60C-CB82-46B9-8AB9-BADAF4FD8126} = {241C9D22-973C-4089-B45B-4B6131B6E8EE}
		{12A3B4F0-8B16-4D95-84B7-81604886D534} = {241C9D22-973C-4089-B45B-4B6131B6E8EE}
		{F571C638-229A-450C-BDC5-2FFD87ACF7C5} = {241C9D22-973C-4089-B45B-4B6131B6E8EE}
		{7DC3C595-8F39-48F3-82A7-AD42266F2A8D} = {1AC9D60C-CB82-46B9-8AB9-BADAF4FD8126}
		{E99F82C4-F7D3-448B-A048-42DF1A228F37} = {1AC9D60C-CB82-46B9-8AB9-BADAF4FD8126}
		{B0E976CB-AE0E-4C83-B6CD-56723E949508} = {1AC9D60C-CB82-46B9-8AB9-BADAF4FD8126}
		{424A4475-9D2C-4148-8776-24C7E35375CF} = {12A3B4F0-8B16-4D95-84B7-81604886D534}
		{6F41D7CA-D0C6-46CA-BEA7-12A9114B7509} = {12A3B4F0-8B16-4D95-84B7-81604886D534}
		{93D1A4A5-733F-46A2-9F6D-270106144D29} = {12A3B4F0-8B16-4D95-84B7-81604886D534}
		{55A1FB2D-A740-4E3E-A3F3-CA1A9B581C89} = {12A3B4F0-8B16-4D95-84B7-81604886D534}
		{0B976B05-4D0F-4A3D-ADCA-B02322AE7D01} = {12A3B4F0-8B16-4D95-84B7-81604886D534}
		{2543CB28-5B26-4550-A945-FED7390CB705} = {F571C638-229A-450C-BDC5-2FFD87ACF7C5}
		{2069A14F-A1E6-417E-9478-A2BB09445719} = {F571C638-229A-450C-BDC5-2FFD87ACF7C5}
		{FE4208BA-F8A7-438D-8C7C-0E816CD1F8D7} = {F571C638-229A-450C-BDC5-2FFD87ACF7C5}
		{6C027B37-9C9F-4629-BC9D-BBEDBBA4AAA5} = {F571C638-229A-450C-BDC5-2FFD87ACF7C5}
		{E2E5F017-06E0-446E-B696-0848676D7B1D} = {F571C638-229A-450C-BDC5-2FFD87ACF7C5}
		{57AB9041-8710-4C3E-8BC1-C74B1F02E7FC} = {F571C638-229A-450C-BDC5-2FFD87ACF7C5}
		{2B2DE20E-885F-4484-8952-353035C3DBF8} = {F571C638-229A-450C-BDC5-2FFD87ACF7C5}
		{2CCFDE25-F3AF-4671-8502-5717CF0EC14B} = {F571C638-229A-450C-BDC5-2FFD87ACF7C5}
		{36AC7CA8-77CE-4106-8464-849F318B6FAE} = {F571C638-229A-450C-BDC5-2FFD87ACF7C5}
		{C9E09A57-27CB-4B42-8C3F-BEB97D9F37DF} = {F571C638-229A-450C-BDC5-2FFD87ACF7C5}
		{7717B0DE-A1D8-4D1B-BADC-7A0FBAE5132D} = {118B1A74-7336-4EFC-AB68-A1E091DA8240}
		{8D3DA067-1D25-4D49-871C-2A820DFE23AC} = {241C9D22-973C-4089-B45B-4B6131B6E8EE}
	EndGlobalSection
	GlobalSection(ExtensibilityGlobals) = postSolution
		SolutionGuid = {2CAE6681-8D32-4B74-8C52-A3BD626D4DD9}
	EndGlobalSection
EndGlobal
